PODS:
  - AMBubbleTableViewController (0.5.4)
  - Bolts (1.1.4)
  - Facebook-iOS-SDK (4.0.1):
    - Bolts (~> 1.0)
    - Facebook-iOS-SDK/CoreKit (= 4.0.1)
    - Facebook-iOS-SDK/LoginKit (= 4.0.1)
    - Facebook-iOS-SDK/ShareKit (= 4.0.1)
  - Facebook-iOS-SDK/CoreKit (4.0.1):
    - Bolts (~> 1.0)
    - Facebook-iOS-SDK/CoreKit/no-arc (= 4.0.1)
  - Facebook-iOS-SDK/CoreKit/no-arc (4.0.1):
    - Bolts (~> 1.0)
  - Facebook-iOS-SDK/LoginKit (4.0.1):
    - Bolts (~> 1.0)
    - Facebook-iOS-SDK/CoreKit
  - Facebook-iOS-SDK/ShareKit (4.0.1):
    - Bolts (~> 1.0)
    - Facebook-iOS-SDK/CoreKit
  - Google-Maps-iOS-SDK (1.9.2)
  - MCSwipeTableViewCell (2.1.2)
  - Parse (1.7.1):
    - Bolts (~> 1.1)
  - ParseCrashReporting (1.7.1):
    - Parse (~> 1.7.1)
  - ParseFacebookUtilsV4 (1.7.1):
    - Facebook-iOS-SDK/LoginKit (~> 4.0)
    - Parse (~> 1.7.1)
  - ParseUI (1.1.3):
    - Parse (~> 1.7)
  - Reachability (3.2)

DEPENDENCIES:
  - AMBubbleTableViewController
  - Facebook-iOS-SDK (~> 4.0.1)
  - Google-Maps-iOS-SDK (~> 1.9)
  - MCSwipeTableViewCell (~> 2.1.2)
  - Parse
  - ParseCrashReporting
  - ParseFacebookUtilsV4
  - ParseUI
  - Reachability

SPEC CHECKSUMS:
  AMBubbleTableViewController: f4426cd8d646fbe4ec5f0d821857cca62c2792b2
  Bolts: f8e2f94edbf9fec7bb8de5ecaaa3aa6b7de6f64e
  Facebook-iOS-SDK: 6d05532c97e9c542f8d87f94b7f6ee217493d00b
  Google-Maps-iOS-SDK: 4c008abdb68e03ae125c7f674be841d369e2b3de
  MCSwipeTableViewCell: 0fc22bd3635b9b5f4ce08675218b0a7278b6440f
  Parse: fa8ec29de6d82035635986c11946299fb1b38316
  ParseCrashReporting: 9aeff8680d500e5e833564fca5b60333f7bb7403
  ParseFacebookUtilsV4: fc44a339e38513fb6fc0bafbef34f69df6559e06
  ParseUI: 1a68e9cebc3bd458eed9605ce7b33d7cc082f473
  Reachability: 33e18b67625424e47b6cde6d202dce689ad7af96

COCOAPODS: 0.35.0
