// !$*UTF8*$!
{
	archiveVersion = 1;
	classes = {
	};
	objectVersion = 46;
	objects = {

/* Begin PBXBuildFile section */
		1A1B32161A9E76490096F2DF /* TurnipCustomTabBarViewController.m in Sources */ = {isa = PBXBuildFile; fileRef = 1A1B32151A9E76490096F2DF /* TurnipCustomTabBarViewController.m */; };
		1A1B32191AA05E090096F2DF /* NotificationTableViewCell.m in Sources */ = {isa = PBXBuildFile; fileRef = 1A1B32181AA05E090096F2DF /* NotificationTableViewCell.m */; };
		1A28E2261A8EF46B00067C9C /* ScannerShapeView.m in Sources */ = {isa = PBXBuildFile; fileRef = 1A28E2251A8EF46B00067C9C /* ScannerShapeView.m */; };
		1A37C2D71A8DF19800FCC397 /* ScannerViewController.m in Sources */ = {isa = PBXBuildFile; fileRef = 1A37C2D61A8DF19800FCC397 /* ScannerViewController.m */; };
		1A5241AB1A9AF6EE008E2B72 /* ThrowNextViewController.m in Sources */ = {isa = PBXBuildFile; fileRef = 1A5241AA1A9AF6EE008E2B72 /* ThrowNextViewController.m */; };
		1A6B4A281A94A82000DA8928 /* DetailSidebarTableViewController.m in Sources */ = {isa = PBXBuildFile; fileRef = 1A6B4A271A94A82000DA8928 /* DetailSidebarTableViewController.m */; };
		1A8626181A7A321700AF63B9 /* SWRevealViewController.m in Sources */ = {isa = PBXBuildFile; fileRef = 1A8626171A7A321700AF63B9 /* SWRevealViewController.m */; };
		1A86261F1A7A3BB200AF63B9 /* SidebarTableViewController.m in Sources */ = {isa = PBXBuildFile; fileRef = 1A86261E1A7A3BB200AF63B9 /* SidebarTableViewController.m */; };
		1A8626261A7B15B400AF63B9 /* fb_icon_325x325.png in Resources */ = {isa = PBXBuildFile; fileRef = 1A8626241A7B15B400AF63B9 /* fb_icon_325x325.png */; };
		1A8626271A7B15B400AF63B9 /* ZW4QC.png in Resources */ = {isa = PBXBuildFile; fileRef = 1A8626251A7B15B400AF63B9 /* ZW4QC.png */; };
		1A9AE4CC1A7E281400AADDAA /* TurnipUser.m in Sources */ = {isa = PBXBuildFile; fileRef = 1A9AE4CB1A7E281400AADDAA /* TurnipUser.m */; };
		1A9AE4CF1A7F787F00AADDAA /* TurnipDataModel.xcdatamodeld in Sources */ = {isa = PBXBuildFile; fileRef = 1A9AE4CD1A7F787F00AADDAA /* TurnipDataModel.xcdatamodeld */; };
		1A9AE4D51A8052D200AADDAA /* green.png in Resources */ = {isa = PBXBuildFile; fileRef = 1A9AE4D31A8052D200AADDAA /* green.png */; };
		1A9AE4D61A8052D200AADDAA /* red.png in Resources */ = {isa = PBXBuildFile; fileRef = 1A9AE4D41A8052D200AADDAA /* red.png */; };
		1A9AE4D91A80C2D700AADDAA /* RequestViewController.m in Sources */ = {isa = PBXBuildFile; fileRef = 1A9AE4D81A80C2D700AADDAA /* RequestViewController.m */; };
		1A9D0D331A9D25020082550C /* TeammateTableViewController.m in Sources */ = {isa = PBXBuildFile; fileRef = 1A9D0D321A9D25020082550C /* TeammateTableViewController.m */; };
		1A9D0D361A9DC7780082550C /* TeammateTableViewCell.m in Sources */ = {isa = PBXBuildFile; fileRef = 1A9D0D351A9DC7780082550C /* TeammateTableViewCell.m */; };
		1AA179F41A74E3D30061CA3E /* main.m in Sources */ = {isa = PBXBuildFile; fileRef = 1AA179F31A74E3D30061CA3E /* main.m */; };
		1AA17A111A74E3D30061CA3E /* turnipTests.m in Sources */ = {isa = PBXBuildFile; fileRef = 1AA17A101A74E3D30061CA3E /* turnipTests.m */; };
		1ABABC1B1A839BFB00C0A617 /* NotificationViewController.m in Sources */ = {isa = PBXBuildFile; fileRef = 1ABABC1A1A839BFB00C0A617 /* NotificationViewController.m */; };
		1ABABC1E1A860CD100C0A617 /* TicketViewController.m in Sources */ = {isa = PBXBuildFile; fileRef = 1ABABC1D1A860CD100C0A617 /* TicketViewController.m */; };
		1AFD3FDB1A74ED9E00B2EABE /* AppDelegate.m in Sources */ = {isa = PBXBuildFile; fileRef = 1AFD3FB61A74ED9E00B2EABE /* AppDelegate.m */; };
		1AFD3FDC1A74ED9E00B2EABE /* LaunchScreen.xib in Resources */ = {isa = PBXBuildFile; fileRef = 1AFD3FB81A74ED9E00B2EABE /* LaunchScreen.xib */; };
		1AFD3FE11A74ED9E00B2EABE /* DateTimePicker.m in Sources */ = {isa = PBXBuildFile; fileRef = 1AFD3FC01A74ED9E00B2EABE /* DateTimePicker.m */; };
		1AFD3FE21A74ED9E00B2EABE /* DetailViewController.m in Sources */ = {isa = PBXBuildFile; fileRef = 1AFD3FC21A74ED9E00B2EABE /* DetailViewController.m */; };
		1AFD3FE31A74ED9E00B2EABE /* LaunchScreen.strings in Resources */ = {isa = PBXBuildFile; fileRef = 1AFD3FC41A74ED9E00B2EABE /* LaunchScreen.strings */; };
		1AFD3FE41A74ED9E00B2EABE /* FindTableCell.m in Sources */ = {isa = PBXBuildFile; fileRef = 1AFD3FC71A74ED9E00B2EABE /* FindTableCell.m */; };
		1AFD3FE51A74ED9E00B2EABE /* FindViewController.m in Sources */ = {isa = PBXBuildFile; fileRef = 1AFD3FC91A74ED9E00B2EABE /* FindViewController.m */; };
		1AFD3FE61A74ED9E00B2EABE /* Images.xcassets in Resources */ = {isa = PBXBuildFile; fileRef = 1AFD3FCA1A74ED9E00B2EABE /* Images.xcassets */; };
		1AFD3FE81A74ED9E00B2EABE /* LoginViewController.m in Sources */ = {isa = PBXBuildFile; fileRef = 1AFD3FCD1A74ED9E00B2EABE /* LoginViewController.m */; };
		1AFD3FEA1A74ED9E00B2EABE /* MapViewController.m in Sources */ = {isa = PBXBuildFile; fileRef = 1AFD3FD01A74ED9E00B2EABE /* MapViewController.m */; };
		1AFD3FEB1A74ED9E00B2EABE /* TurnipEvent.m in Sources */ = {isa = PBXBuildFile; fileRef = 1AFD3FD31A74ED9E00B2EABE /* TurnipEvent.m */; };
		1AFD3FEC1A74ED9E00B2EABE /* Placeholder.jpg in Resources */ = {isa = PBXBuildFile; fileRef = 1AFD3FD41A74ED9E00B2EABE /* Placeholder.jpg */; };
		1AFD3FED1A74ED9E00B2EABE /* MapMarker.m in Sources */ = {isa = PBXBuildFile; fileRef = 1AFD3FD61A74ED9E00B2EABE /* MapMarker.m */; };
		1AFD3FEE1A74ED9E00B2EABE /* ProfileViewController.m in Sources */ = {isa = PBXBuildFile; fileRef = 1AFD3FD81A74ED9E00B2EABE /* ProfileViewController.m */; };
		1AFD3FEF1A74ED9E00B2EABE /* ThrowViewController.m in Sources */ = {isa = PBXBuildFile; fileRef = 1AFD3FDA1A74ED9E00B2EABE /* ThrowViewController.m */; };
		1AFD3FFE1A74EEC700B2EABE /* Main.storyboard in Resources */ = {isa = PBXBuildFile; fileRef = 1AFD3FFC1A74EEC700B2EABE /* Main.storyboard */; };
		1AFD400A1A74F17000B2EABE /* CoreData.framework in Frameworks */ = {isa = PBXBuildFile; fileRef = 1AFD40051A74F17000B2EABE /* CoreData.framework */; };
		1AFD40141A74F19300B2EABE /* ImageIO.framework in Frameworks */ = {isa = PBXBuildFile; fileRef = 1AFD40131A74F19300B2EABE /* ImageIO.framework */; };
		1AFD40161A74F1A300B2EABE /* libc++.dylib in Frameworks */ = {isa = PBXBuildFile; fileRef = 1AFD40151A74F1A300B2EABE /* libc++.dylib */; };
		1AFD40181A74F1B200B2EABE /* libicucore.dylib in Frameworks */ = {isa = PBXBuildFile; fileRef = 1AFD40171A74F1B200B2EABE /* libicucore.dylib */; };
		1AFD401A1A74F1BB00B2EABE /* libz.dylib in Frameworks */ = {isa = PBXBuildFile; fileRef = 1AFD40191A74F1BB00B2EABE /* libz.dylib */; };
		1AFD402F1A74F26700B2EABE /* libsqlite3.dylib in Frameworks */ = {isa = PBXBuildFile; fileRef = 1AFD402E1A74F26700B2EABE /* libsqlite3.dylib */; };
		1AFD40381A74F89100B2EABE /* Social.framework in Frameworks */ = {isa = PBXBuildFile; fileRef = 1AFD40371A74F89100B2EABE /* Social.framework */; };
		1AFD403A1A74F89600B2EABE /* Accounts.framework in Frameworks */ = {isa = PBXBuildFile; fileRef = 1AFD40391A74F89600B2EABE /* Accounts.framework */; };
		1AFD40491A751F2200B2EABE /* MBProgressHUD.m in Sources */ = {isa = PBXBuildFile; fileRef = 1AFD40481A751F2200B2EABE /* MBProgressHUD.m */; };
		1AFD406B1A7A1DBB00B2EABE /* simpleMenuButton.png in Resources */ = {isa = PBXBuildFile; fileRef = 1AFD406A1A7A1DBB00B2EABE /* simpleMenuButton.png */; };
		AB78C0845A009A5F3A9EF209 /* libPods-turnip.a in Frameworks */ = {isa = PBXBuildFile; fileRef = D397F68C3BE458359F6CA901 /* libPods-turnip.a */; };
/* End PBXBuildFile section */

/* Begin PBXContainerItemProxy section */
		1AA17A0B1A74E3D30061CA3E /* PBXContainerItemProxy */ = {
			isa = PBXContainerItemProxy;
			containerPortal = 1AA179E61A74E3D30061CA3E /* Project object */;
			proxyType = 1;
			remoteGlobalIDString = 1AA179ED1A74E3D30061CA3E;
			remoteInfo = turnip;
		};
/* End PBXContainerItemProxy section */

/* Begin PBXFileReference section */
		128F4766B166E2108280E1E6 /* Pods-turnip.debug.xcconfig */ = {isa = PBXFileReference; includeInIndex = 1; lastKnownFileType = text.xcconfig; name = "Pods-turnip.debug.xcconfig"; path = "Pods/Target Support Files/Pods-turnip/Pods-turnip.debug.xcconfig"; sourceTree = "<group>"; };
		1A1B32141A9E76490096F2DF /* TurnipCustomTabBarViewController.h */ = {isa = PBXFileReference; fileEncoding = 4; lastKnownFileType = sourcecode.c.h; path = TurnipCustomTabBarViewController.h; sourceTree = "<group>"; };
		1A1B32151A9E76490096F2DF /* TurnipCustomTabBarViewController.m */ = {isa = PBXFileReference; fileEncoding = 4; lastKnownFileType = sourcecode.c.objc; path = TurnipCustomTabBarViewController.m; sourceTree = "<group>"; };
		1A1B32171AA05E090096F2DF /* NotificationTableViewCell.h */ = {isa = PBXFileReference; fileEncoding = 4; lastKnownFileType = sourcecode.c.h; path = NotificationTableViewCell.h; sourceTree = "<group>"; };
		1A1B32181AA05E090096F2DF /* NotificationTableViewCell.m */ = {isa = PBXFileReference; fileEncoding = 4; lastKnownFileType = sourcecode.c.objc; path = NotificationTableViewCell.m; sourceTree = "<group>"; };
		1A28E2241A8EF46B00067C9C /* ScannerShapeView.h */ = {isa = PBXFileReference; fileEncoding = 4; lastKnownFileType = sourcecode.c.h; path = ScannerShapeView.h; sourceTree = "<group>"; };
		1A28E2251A8EF46B00067C9C /* ScannerShapeView.m */ = {isa = PBXFileReference; fileEncoding = 4; lastKnownFileType = sourcecode.c.objc; path = ScannerShapeView.m; sourceTree = "<group>"; };
		1A37C2D51A8DF19800FCC397 /* ScannerViewController.h */ = {isa = PBXFileReference; fileEncoding = 4; lastKnownFileType = sourcecode.c.h; name = ScannerViewController.h; path = ../ScannerViewController.h; sourceTree = "<group>"; };
		1A37C2D61A8DF19800FCC397 /* ScannerViewController.m */ = {isa = PBXFileReference; fileEncoding = 4; lastKnownFileType = sourcecode.c.objc; name = ScannerViewController.m; path = ../ScannerViewController.m; sourceTree = "<group>"; };
		1A5241A91A9AF6EE008E2B72 /* ThrowNextViewController.h */ = {isa = PBXFileReference; fileEncoding = 4; lastKnownFileType = sourcecode.c.h; path = ThrowNextViewController.h; sourceTree = "<group>"; };
		1A5241AA1A9AF6EE008E2B72 /* ThrowNextViewController.m */ = {isa = PBXFileReference; fileEncoding = 4; lastKnownFileType = sourcecode.c.objc; path = ThrowNextViewController.m; sourceTree = "<group>"; };
		1A6B4A261A94A82000DA8928 /* DetailSidebarTableViewController.h */ = {isa = PBXFileReference; fileEncoding = 4; lastKnownFileType = sourcecode.c.h; path = DetailSidebarTableViewController.h; sourceTree = "<group>"; };
		1A6B4A271A94A82000DA8928 /* DetailSidebarTableViewController.m */ = {isa = PBXFileReference; fileEncoding = 4; lastKnownFileType = sourcecode.c.objc; path = DetailSidebarTableViewController.m; sourceTree = "<group>"; };
		1A8626161A7A321700AF63B9 /* SWRevealViewController.h */ = {isa = PBXFileReference; fileEncoding = 4; lastKnownFileType = sourcecode.c.h; path = SWRevealViewController.h; sourceTree = "<group>"; };
		1A8626171A7A321700AF63B9 /* SWRevealViewController.m */ = {isa = PBXFileReference; fileEncoding = 4; lastKnownFileType = sourcecode.c.objc; path = SWRevealViewController.m; sourceTree = "<group>"; };
		1A86261D1A7A3BB200AF63B9 /* SidebarTableViewController.h */ = {isa = PBXFileReference; fileEncoding = 4; lastKnownFileType = sourcecode.c.h; name = SidebarTableViewController.h; path = ../SidebarTableViewController.h; sourceTree = "<group>"; };
		1A86261E1A7A3BB200AF63B9 /* SidebarTableViewController.m */ = {isa = PBXFileReference; fileEncoding = 4; lastKnownFileType = sourcecode.c.objc; name = SidebarTableViewController.m; path = ../SidebarTableViewController.m; sourceTree = "<group>"; };
		1A8626241A7B15B400AF63B9 /* fb_icon_325x325.png */ = {isa = PBXFileReference; lastKnownFileType = image.png; path = fb_icon_325x325.png; sourceTree = "<group>"; };
		1A8626251A7B15B400AF63B9 /* ZW4QC.png */ = {isa = PBXFileReference; lastKnownFileType = image.png; path = ZW4QC.png; sourceTree = "<group>"; };
		1A9AE4CA1A7E281400AADDAA /* TurnipUser.h */ = {isa = PBXFileReference; fileEncoding = 4; lastKnownFileType = sourcecode.c.h; path = TurnipUser.h; sourceTree = "<group>"; };
		1A9AE4CB1A7E281400AADDAA /* TurnipUser.m */ = {isa = PBXFileReference; fileEncoding = 4; lastKnownFileType = sourcecode.c.objc; path = TurnipUser.m; sourceTree = "<group>"; };
		1A9AE4CE1A7F787F00AADDAA /* TurnipDataModel.xcdatamodel */ = {isa = PBXFileReference; lastKnownFileType = wrapper.xcdatamodel; path = TurnipDataModel.xcdatamodel; sourceTree = "<group>"; };
		1A9AE4D31A8052D200AADDAA /* green.png */ = {isa = PBXFileReference; lastKnownFileType = image.png; path = green.png; sourceTree = "<group>"; };
		1A9AE4D41A8052D200AADDAA /* red.png */ = {isa = PBXFileReference; lastKnownFileType = image.png; path = red.png; sourceTree = "<group>"; };
		1A9AE4D71A80C2D700AADDAA /* RequestViewController.h */ = {isa = PBXFileReference; fileEncoding = 4; lastKnownFileType = sourcecode.c.h; path = RequestViewController.h; sourceTree = "<group>"; };
		1A9AE4D81A80C2D700AADDAA /* RequestViewController.m */ = {isa = PBXFileReference; fileEncoding = 4; lastKnownFileType = sourcecode.c.objc; path = RequestViewController.m; sourceTree = "<group>"; };
		1A9D0D311A9D25020082550C /* TeammateTableViewController.h */ = {isa = PBXFileReference; fileEncoding = 4; lastKnownFileType = sourcecode.c.h; path = TeammateTableViewController.h; sourceTree = "<group>"; };
		1A9D0D321A9D25020082550C /* TeammateTableViewController.m */ = {isa = PBXFileReference; fileEncoding = 4; lastKnownFileType = sourcecode.c.objc; path = TeammateTableViewController.m; sourceTree = "<group>"; };
		1A9D0D341A9DC7780082550C /* TeammateTableViewCell.h */ = {isa = PBXFileReference; fileEncoding = 4; lastKnownFileType = sourcecode.c.h; path = TeammateTableViewCell.h; sourceTree = "<group>"; };
		1A9D0D351A9DC7780082550C /* TeammateTableViewCell.m */ = {isa = PBXFileReference; fileEncoding = 4; lastKnownFileType = sourcecode.c.objc; path = TeammateTableViewCell.m; sourceTree = "<group>"; };
		1AA179EE1A74E3D30061CA3E /* turnip.app */ = {isa = PBXFileReference; explicitFileType = wrapper.application; includeInIndex = 0; path = turnip.app; sourceTree = BUILT_PRODUCTS_DIR; };
		1AA179F31A74E3D30061CA3E /* main.m */ = {isa = PBXFileReference; lastKnownFileType = sourcecode.c.objc; path = main.m; sourceTree = "<group>"; };
		1AA17A0A1A74E3D30061CA3E /* turnipTests.xctest */ = {isa = PBXFileReference; explicitFileType = wrapper.cfbundle; includeInIndex = 0; path = turnipTests.xctest; sourceTree = BUILT_PRODUCTS_DIR; };
		1AA17A0F1A74E3D30061CA3E /* Info.plist */ = {isa = PBXFileReference; lastKnownFileType = text.plist.xml; path = Info.plist; sourceTree = "<group>"; };
		1AA17A101A74E3D30061CA3E /* turnipTests.m */ = {isa = PBXFileReference; lastKnownFileType = sourcecode.c.objc; path = turnipTests.m; sourceTree = "<group>"; };
		1ABABC191A839BFB00C0A617 /* NotificationViewController.h */ = {isa = PBXFileReference; fileEncoding = 4; lastKnownFileType = sourcecode.c.h; path = NotificationViewController.h; sourceTree = "<group>"; };
		1ABABC1A1A839BFB00C0A617 /* NotificationViewController.m */ = {isa = PBXFileReference; fileEncoding = 4; lastKnownFileType = sourcecode.c.objc; path = NotificationViewController.m; sourceTree = "<group>"; };
		1ABABC1C1A860CD100C0A617 /* TicketViewController.h */ = {isa = PBXFileReference; fileEncoding = 4; lastKnownFileType = sourcecode.c.h; path = TicketViewController.h; sourceTree = "<group>"; };
		1ABABC1D1A860CD100C0A617 /* TicketViewController.m */ = {isa = PBXFileReference; fileEncoding = 4; lastKnownFileType = sourcecode.c.objc; path = TicketViewController.m; sourceTree = "<group>"; };
		1AFD3FB51A74ED9E00B2EABE /* AppDelegate.h */ = {isa = PBXFileReference; fileEncoding = 4; lastKnownFileType = sourcecode.c.h; path = AppDelegate.h; sourceTree = "<group>"; };
		1AFD3FB61A74ED9E00B2EABE /* AppDelegate.m */ = {isa = PBXFileReference; fileEncoding = 4; lastKnownFileType = sourcecode.c.objc; path = AppDelegate.m; sourceTree = "<group>"; };
		1AFD3FB91A74ED9E00B2EABE /* Base */ = {isa = PBXFileReference; lastKnownFileType = file.xib; name = Base; path = LaunchScreen.xib; sourceTree = "<group>"; };
		1AFD3FBE1A74ED9E00B2EABE /* Constants.h */ = {isa = PBXFileReference; fileEncoding = 4; lastKnownFileType = sourcecode.c.h; path = Constants.h; sourceTree = "<group>"; };
		1AFD3FBF1A74ED9E00B2EABE /* DateTimePicker.h */ = {isa = PBXFileReference; fileEncoding = 4; lastKnownFileType = sourcecode.c.h; path = DateTimePicker.h; sourceTree = "<group>"; };
		1AFD3FC01A74ED9E00B2EABE /* DateTimePicker.m */ = {isa = PBXFileReference; fileEncoding = 4; lastKnownFileType = sourcecode.c.objc; path = DateTimePicker.m; sourceTree = "<group>"; };
		1AFD3FC11A74ED9E00B2EABE /* DetailViewController.h */ = {isa = PBXFileReference; fileEncoding = 4; lastKnownFileType = sourcecode.c.h; path = DetailViewController.h; sourceTree = "<group>"; };
		1AFD3FC21A74ED9E00B2EABE /* DetailViewController.m */ = {isa = PBXFileReference; fileEncoding = 4; lastKnownFileType = sourcecode.c.objc; path = DetailViewController.m; sourceTree = "<group>"; };
		1AFD3FC51A74ED9E00B2EABE /* en */ = {isa = PBXFileReference; lastKnownFileType = text.plist.strings; name = en; path = LaunchScreen.strings; sourceTree = "<group>"; };
		1AFD3FC61A74ED9E00B2EABE /* FindTableCell.h */ = {isa = PBXFileReference; fileEncoding = 4; lastKnownFileType = sourcecode.c.h; path = FindTableCell.h; sourceTree = "<group>"; };
		1AFD3FC71A74ED9E00B2EABE /* FindTableCell.m */ = {isa = PBXFileReference; fileEncoding = 4; lastKnownFileType = sourcecode.c.objc; path = FindTableCell.m; sourceTree = "<group>"; };
		1AFD3FC81A74ED9E00B2EABE /* FindViewController.h */ = {isa = PBXFileReference; fileEncoding = 4; lastKnownFileType = sourcecode.c.h; path = FindViewController.h; sourceTree = "<group>"; };
		1AFD3FC91A74ED9E00B2EABE /* FindViewController.m */ = {isa = PBXFileReference; fileEncoding = 4; lastKnownFileType = sourcecode.c.objc; path = FindViewController.m; sourceTree = "<group>"; };
		1AFD3FCA1A74ED9E00B2EABE /* Images.xcassets */ = {isa = PBXFileReference; lastKnownFileType = folder.assetcatalog; path = Images.xcassets; sourceTree = "<group>"; };
		1AFD3FCC1A74ED9E00B2EABE /* LoginViewController.h */ = {isa = PBXFileReference; fileEncoding = 4; lastKnownFileType = sourcecode.c.h; path = LoginViewController.h; sourceTree = "<group>"; };
		1AFD3FCD1A74ED9E00B2EABE /* LoginViewController.m */ = {isa = PBXFileReference; fileEncoding = 4; lastKnownFileType = sourcecode.c.objc; path = LoginViewController.m; sourceTree = "<group>"; };
		1AFD3FCF1A74ED9E00B2EABE /* MapViewController.h */ = {isa = PBXFileReference; fileEncoding = 4; lastKnownFileType = sourcecode.c.h; path = MapViewController.h; sourceTree = "<group>"; };
		1AFD3FD01A74ED9E00B2EABE /* MapViewController.m */ = {isa = PBXFileReference; fileEncoding = 4; lastKnownFileType = sourcecode.c.objc; path = MapViewController.m; sourceTree = "<group>"; };
		1AFD3FD21A74ED9E00B2EABE /* TurnipEvent.h */ = {isa = PBXFileReference; fileEncoding = 4; lastKnownFileType = sourcecode.c.h; path = TurnipEvent.h; sourceTree = "<group>"; };
		1AFD3FD31A74ED9E00B2EABE /* TurnipEvent.m */ = {isa = PBXFileReference; fileEncoding = 4; lastKnownFileType = sourcecode.c.objc; path = TurnipEvent.m; sourceTree = "<group>"; };
		1AFD3FD41A74ED9E00B2EABE /* Placeholder.jpg */ = {isa = PBXFileReference; lastKnownFileType = image.jpeg; path = Placeholder.jpg; sourceTree = "<group>"; };
		1AFD3FD51A74ED9E00B2EABE /* MapMarker.h */ = {isa = PBXFileReference; fileEncoding = 4; lastKnownFileType = sourcecode.c.h; path = MapMarker.h; sourceTree = "<group>"; };
		1AFD3FD61A74ED9E00B2EABE /* MapMarker.m */ = {isa = PBXFileReference; fileEncoding = 4; lastKnownFileType = sourcecode.c.objc; path = MapMarker.m; sourceTree = "<group>"; };
		1AFD3FD71A74ED9E00B2EABE /* ProfileViewController.h */ = {isa = PBXFileReference; fileEncoding = 4; lastKnownFileType = sourcecode.c.h; path = ProfileViewController.h; sourceTree = "<group>"; };
		1AFD3FD81A74ED9E00B2EABE /* ProfileViewController.m */ = {isa = PBXFileReference; fileEncoding = 4; lastKnownFileType = sourcecode.c.objc; path = ProfileViewController.m; sourceTree = "<group>"; };
		1AFD3FD91A74ED9E00B2EABE /* ThrowViewController.h */ = {isa = PBXFileReference; fileEncoding = 4; lastKnownFileType = sourcecode.c.h; path = ThrowViewController.h; sourceTree = "<group>"; };
		1AFD3FDA1A74ED9E00B2EABE /* ThrowViewController.m */ = {isa = PBXFileReference; fileEncoding = 4; lastKnownFileType = sourcecode.c.objc; path = ThrowViewController.m; sourceTree = "<group>"; };
		1AFD3FFD1A74EEC700B2EABE /* Base */ = {isa = PBXFileReference; lastKnownFileType = file.storyboard; name = Base; path = Main.storyboard; sourceTree = "<group>"; };
		1AFD40051A74F17000B2EABE /* CoreData.framework */ = {isa = PBXFileReference; lastKnownFileType = wrapper.framework; name = CoreData.framework; path = System/Library/Frameworks/CoreData.framework; sourceTree = SDKROOT; };
		1AFD40131A74F19300B2EABE /* ImageIO.framework */ = {isa = PBXFileReference; lastKnownFileType = wrapper.framework; name = ImageIO.framework; path = System/Library/Frameworks/ImageIO.framework; sourceTree = SDKROOT; };
		1AFD40151A74F1A300B2EABE /* libc++.dylib */ = {isa = PBXFileReference; lastKnownFileType = "compiled.mach-o.dylib"; name = "libc++.dylib"; path = "usr/lib/libc++.dylib"; sourceTree = SDKROOT; };
		1AFD40171A74F1B200B2EABE /* libicucore.dylib */ = {isa = PBXFileReference; lastKnownFileType = "compiled.mach-o.dylib"; name = libicucore.dylib; path = usr/lib/libicucore.dylib; sourceTree = SDKROOT; };
		1AFD40191A74F1BB00B2EABE /* libz.dylib */ = {isa = PBXFileReference; lastKnownFileType = "compiled.mach-o.dylib"; name = libz.dylib; path = usr/lib/libz.dylib; sourceTree = SDKROOT; };
		1AFD402E1A74F26700B2EABE /* libsqlite3.dylib */ = {isa = PBXFileReference; lastKnownFileType = "compiled.mach-o.dylib"; name = libsqlite3.dylib; path = usr/lib/libsqlite3.dylib; sourceTree = SDKROOT; };
		1AFD40371A74F89100B2EABE /* Social.framework */ = {isa = PBXFileReference; lastKnownFileType = wrapper.framework; name = Social.framework; path = System/Library/Frameworks/Social.framework; sourceTree = SDKROOT; };
		1AFD40391A74F89600B2EABE /* Accounts.framework */ = {isa = PBXFileReference; lastKnownFileType = wrapper.framework; name = Accounts.framework; path = System/Library/Frameworks/Accounts.framework; sourceTree = SDKROOT; };
		1AFD403B1A74F94900B2EABE /* Info.plist */ = {isa = PBXFileReference; lastKnownFileType = text.plist.xml; path = Info.plist; sourceTree = "<group>"; };
		1AFD40471A751F2200B2EABE /* MBProgressHUD.h */ = {isa = PBXFileReference; fileEncoding = 4; lastKnownFileType = sourcecode.c.h; path = MBProgressHUD.h; sourceTree = "<group>"; };
		1AFD40481A751F2200B2EABE /* MBProgressHUD.m */ = {isa = PBXFileReference; fileEncoding = 4; lastKnownFileType = sourcecode.c.objc; path = MBProgressHUD.m; sourceTree = "<group>"; };
		1AFD406A1A7A1DBB00B2EABE /* simpleMenuButton.png */ = {isa = PBXFileReference; lastKnownFileType = image.png; path = simpleMenuButton.png; sourceTree = "<group>"; };
		75F6F5BBAA2AAD5381FEB163 /* Pods-turnip.release.xcconfig */ = {isa = PBXFileReference; includeInIndex = 1; lastKnownFileType = text.xcconfig; name = "Pods-turnip.release.xcconfig"; path = "Pods/Target Support Files/Pods-turnip/Pods-turnip.release.xcconfig"; sourceTree = "<group>"; };
		D397F68C3BE458359F6CA901 /* libPods-turnip.a */ = {isa = PBXFileReference; explicitFileType = archive.ar; includeInIndex = 0; path = "libPods-turnip.a"; sourceTree = BUILT_PRODUCTS_DIR; };
/* End PBXFileReference section */

/* Begin PBXFrameworksBuildPhase section */
		1AA179EB1A74E3D30061CA3E /* Frameworks */ = {
			isa = PBXFrameworksBuildPhase;
			buildActionMask = 2147483647;
			files = (
				1AFD403A1A74F89600B2EABE /* Accounts.framework in Frameworks */,
				1AFD40381A74F89100B2EABE /* Social.framework in Frameworks */,
				1AFD402F1A74F26700B2EABE /* libsqlite3.dylib in Frameworks */,
				1AFD401A1A74F1BB00B2EABE /* libz.dylib in Frameworks */,
				1AFD40181A74F1B200B2EABE /* libicucore.dylib in Frameworks */,
				1AFD40161A74F1A300B2EABE /* libc++.dylib in Frameworks */,
				1AFD40141A74F19300B2EABE /* ImageIO.framework in Frameworks */,
				1AFD400A1A74F17000B2EABE /* CoreData.framework in Frameworks */,
				AB78C0845A009A5F3A9EF209 /* libPods-turnip.a in Frameworks */,
			);
			runOnlyForDeploymentPostprocessing = 0;
		};
		1AA17A071A74E3D30061CA3E /* Frameworks */ = {
			isa = PBXFrameworksBuildPhase;
			buildActionMask = 2147483647;
			files = (
			);
			runOnlyForDeploymentPostprocessing = 0;
		};
/* End PBXFrameworksBuildPhase section */

/* Begin PBXGroup section */
		0A71C10D689B16D76B89C7A0 /* Pods */ = {
			isa = PBXGroup;
			children = (
				128F4766B166E2108280E1E6 /* Pods-turnip.debug.xcconfig */,
				75F6F5BBAA2AAD5381FEB163 /* Pods-turnip.release.xcconfig */,
			);
			name = Pods;
			sourceTree = "<group>";
		};
		1AA179E51A74E3D30061CA3E = {
			isa = PBXGroup;
			children = (
				1AFD40301A74F2D600B2EABE /* Frameworks */,
				1AA179F01A74E3D30061CA3E /* turnip */,
				1AA17A0D1A74E3D30061CA3E /* turnipTests */,
				1AA179EF1A74E3D30061CA3E /* Products */,
				0A71C10D689B16D76B89C7A0 /* Pods */,
			);
			sourceTree = "<group>";
		};
		1AA179EF1A74E3D30061CA3E /* Products */ = {
			isa = PBXGroup;
			children = (
				1AA179EE1A74E3D30061CA3E /* turnip.app */,
				1AA17A0A1A74E3D30061CA3E /* turnipTests.xctest */,
			);
			name = Products;
			sourceTree = "<group>";
		};
		1AA179F01A74E3D30061CA3E /* turnip */ = {
			isa = PBXGroup;
			children = (
				1AFD3FF01A74EDA200B2EABE /* Resources */,
				1AFD3FC31A74ED9E00B2EABE /* en.lproj */,
				1AFD3FB71A74ED9E00B2EABE /* Base.lproj */,
				1AFD3FB51A74ED9E00B2EABE /* AppDelegate.h */,
				1AFD3FB61A74ED9E00B2EABE /* AppDelegate.m */,
				1A1B32141A9E76490096F2DF /* TurnipCustomTabBarViewController.h */,
				1A1B32151A9E76490096F2DF /* TurnipCustomTabBarViewController.m */,
				1A9AE4CA1A7E281400AADDAA /* TurnipUser.h */,
				1A9AE4CB1A7E281400AADDAA /* TurnipUser.m */,
				1AFD3FBE1A74ED9E00B2EABE /* Constants.h */,
				1AFD3FBF1A74ED9E00B2EABE /* DateTimePicker.h */,
				1AFD3FC01A74ED9E00B2EABE /* DateTimePicker.m */,
				1AFD3FC11A74ED9E00B2EABE /* DetailViewController.h */,
				1AFD3FC21A74ED9E00B2EABE /* DetailViewController.m */,
				1AFD3FC61A74ED9E00B2EABE /* FindTableCell.h */,
				1AFD3FC71A74ED9E00B2EABE /* FindTableCell.m */,
				1AFD3FC81A74ED9E00B2EABE /* FindViewController.h */,
				1AFD3FC91A74ED9E00B2EABE /* FindViewController.m */,
				1AFD3FCC1A74ED9E00B2EABE /* LoginViewController.h */,
				1AFD3FCD1A74ED9E00B2EABE /* LoginViewController.m */,
				1AFD3FCF1A74ED9E00B2EABE /* MapViewController.h */,
				1AFD3FD01A74ED9E00B2EABE /* MapViewController.m */,
				1AFD3FD21A74ED9E00B2EABE /* TurnipEvent.h */,
				1AFD3FD31A74ED9E00B2EABE /* TurnipEvent.m */,
				1AFD3FD51A74ED9E00B2EABE /* MapMarker.h */,
				1AFD3FD61A74ED9E00B2EABE /* MapMarker.m */,
				1AFD3FD71A74ED9E00B2EABE /* ProfileViewController.h */,
				1AFD3FD81A74ED9E00B2EABE /* ProfileViewController.m */,
				1AFD3FD91A74ED9E00B2EABE /* ThrowViewController.h */,
				1AFD3FDA1A74ED9E00B2EABE /* ThrowViewController.m */,
				1A5241A91A9AF6EE008E2B72 /* ThrowNextViewController.h */,
				1A5241AA1A9AF6EE008E2B72 /* ThrowNextViewController.m */,
				1A86261D1A7A3BB200AF63B9 /* SidebarTableViewController.h */,
				1A86261E1A7A3BB200AF63B9 /* SidebarTableViewController.m */,
				1A6B4A261A94A82000DA8928 /* DetailSidebarTableViewController.h */,
				1A6B4A271A94A82000DA8928 /* DetailSidebarTableViewController.m */,
				1A9AE4D71A80C2D700AADDAA /* RequestViewController.h */,
				1A9AE4D81A80C2D700AADDAA /* RequestViewController.m */,
				1ABABC191A839BFB00C0A617 /* NotificationViewController.h */,
				1ABABC1A1A839BFB00C0A617 /* NotificationViewController.m */,
				1A1B32171AA05E090096F2DF /* NotificationTableViewCell.h */,
				1A1B32181AA05E090096F2DF /* NotificationTableViewCell.m */,
				1ABABC1C1A860CD100C0A617 /* TicketViewController.h */,
				1ABABC1D1A860CD100C0A617 /* TicketViewController.m */,
				1A9D0D311A9D25020082550C /* TeammateTableViewController.h */,
				1A9D0D321A9D25020082550C /* TeammateTableViewController.m */,
				1A9D0D341A9DC7780082550C /* TeammateTableViewCell.h */,
				1A9D0D351A9DC7780082550C /* TeammateTableViewCell.m */,
				1A37C2D51A8DF19800FCC397 /* ScannerViewController.h */,
				1A37C2D61A8DF19800FCC397 /* ScannerViewController.m */,
				1A28E2241A8EF46B00067C9C /* ScannerShapeView.h */,
				1A28E2251A8EF46B00067C9C /* ScannerShapeView.m */,
				1AFD3FCA1A74ED9E00B2EABE /* Images.xcassets */,
				1AA179F11A74E3D30061CA3E /* Supporting Files */,
			);
			path = turnip;
			sourceTree = "<group>";
		};
		1AA179F11A74E3D30061CA3E /* Supporting Files */ = {
			isa = PBXGroup;
			children = (
				1A9AE4CD1A7F787F00AADDAA /* TurnipDataModel.xcdatamodeld */,
				1A8626161A7A321700AF63B9 /* SWRevealViewController.h */,
				1A8626171A7A321700AF63B9 /* SWRevealViewController.m */,
				1AFD40471A751F2200B2EABE /* MBProgressHUD.h */,
				1AFD40481A751F2200B2EABE /* MBProgressHUD.m */,
				1AFD403B1A74F94900B2EABE /* Info.plist */,
				1AA179F31A74E3D30061CA3E /* main.m */,
			);
			name = "Supporting Files";
			sourceTree = "<group>";
		};
		1AA17A0D1A74E3D30061CA3E /* turnipTests */ = {
			isa = PBXGroup;
			children = (
				1AA17A101A74E3D30061CA3E /* turnipTests.m */,
				1AA17A0E1A74E3D30061CA3E /* Supporting Files */,
			);
			path = turnipTests;
			sourceTree = "<group>";
		};
		1AA17A0E1A74E3D30061CA3E /* Supporting Files */ = {
			isa = PBXGroup;
			children = (
				1AA17A0F1A74E3D30061CA3E /* Info.plist */,
			);
			name = "Supporting Files";
			sourceTree = "<group>";
		};
		1AFD3FB71A74ED9E00B2EABE /* Base.lproj */ = {
			isa = PBXGroup;
			children = (
				1AFD3FFC1A74EEC700B2EABE /* Main.storyboard */,
				1AFD3FB81A74ED9E00B2EABE /* LaunchScreen.xib */,
			);
			path = Base.lproj;
			sourceTree = "<group>";
		};
		1AFD3FC31A74ED9E00B2EABE /* en.lproj */ = {
			isa = PBXGroup;
			children = (
				1AFD3FC41A74ED9E00B2EABE /* LaunchScreen.strings */,
			);
			path = en.lproj;
			sourceTree = "<group>";
		};
		1AFD3FF01A74EDA200B2EABE /* Resources */ = {
			isa = PBXGroup;
			children = (
				1A9AE4D31A8052D200AADDAA /* green.png */,
				1A9AE4D41A8052D200AADDAA /* red.png */,
				1A8626241A7B15B400AF63B9 /* fb_icon_325x325.png */,
				1A8626251A7B15B400AF63B9 /* ZW4QC.png */,
				1AFD406A1A7A1DBB00B2EABE /* simpleMenuButton.png */,
				1AFD3FD41A74ED9E00B2EABE /* Placeholder.jpg */,
			);
			name = Resources;
			sourceTree = "<group>";
		};
		1AFD40301A74F2D600B2EABE /* Frameworks */ = {
			isa = PBXGroup;
			children = (
				1AFD40391A74F89600B2EABE /* Accounts.framework */,
				1AFD40371A74F89100B2EABE /* Social.framework */,
				1AFD402E1A74F26700B2EABE /* libsqlite3.dylib */,
				1AFD40191A74F1BB00B2EABE /* libz.dylib */,
				1AFD40171A74F1B200B2EABE /* libicucore.dylib */,
				1AFD40151A74F1A300B2EABE /* libc++.dylib */,
				1AFD40131A74F19300B2EABE /* ImageIO.framework */,
				1AFD40051A74F17000B2EABE /* CoreData.framework */,
				D397F68C3BE458359F6CA901 /* libPods-turnip.a */,
			);
			name = Frameworks;
			sourceTree = "<group>";
		};
/* End PBXGroup section */

/* Begin PBXNativeTarget section */
		1AA179ED1A74E3D30061CA3E /* turnip */ = {
			isa = PBXNativeTarget;
			buildConfigurationList = 1AA17A141A74E3D30061CA3E /* Build configuration list for PBXNativeTarget "turnip" */;
			buildPhases = (
				F21C08E645DACD6C5FD35BBB /* Check Pods Manifest.lock */,
				1AA179EA1A74E3D30061CA3E /* Sources */,
				1AA179EB1A74E3D30061CA3E /* Frameworks */,
				1AA179EC1A74E3D30061CA3E /* Resources */,
				B030D2EC6D371AC3CA18D9DE /* Copy Pods Resources */,
			);
			buildRules = (
			);
			dependencies = (
			);
			name = turnip;
			productName = turnip;
			productReference = 1AA179EE1A74E3D30061CA3E /* turnip.app */;
			productType = "com.apple.product-type.application";
		};
		1AA17A091A74E3D30061CA3E /* turnipTests */ = {
			isa = PBXNativeTarget;
			buildConfigurationList = 1AA17A171A74E3D30061CA3E /* Build configuration list for PBXNativeTarget "turnipTests" */;
			buildPhases = (
				1AA17A061A74E3D30061CA3E /* Sources */,
				1AA17A071A74E3D30061CA3E /* Frameworks */,
				1AA17A081A74E3D30061CA3E /* Resources */,
			);
			buildRules = (
			);
			dependencies = (
				1AA17A0C1A74E3D30061CA3E /* PBXTargetDependency */,
			);
			name = turnipTests;
			productName = turnipTests;
			productReference = 1AA17A0A1A74E3D30061CA3E /* turnipTests.xctest */;
			productType = "com.apple.product-type.bundle.unit-test";
		};
/* End PBXNativeTarget section */

/* Begin PBXProject section */
		1AA179E61A74E3D30061CA3E /* Project object */ = {
			isa = PBXProject;
			attributes = {
				LastUpgradeCheck = 0610;
				ORGANIZATIONNAME = Per;
				TargetAttributes = {
					1AA179ED1A74E3D30061CA3E = {
						CreatedOnToolsVersion = 6.1.1;
						DevelopmentTeam = RM38WFLZE6;
					};
					1AA17A091A74E3D30061CA3E = {
						CreatedOnToolsVersion = 6.1.1;
						TestTargetID = 1AA179ED1A74E3D30061CA3E;
					};
				};
			};
			buildConfigurationList = 1AA179E91A74E3D30061CA3E /* Build configuration list for PBXProject "turnip" */;
			compatibilityVersion = "Xcode 3.2";
			developmentRegion = English;
			hasScannedForEncodings = 0;
			knownRegions = (
				en,
				Base,
			);
			mainGroup = 1AA179E51A74E3D30061CA3E;
			productRefGroup = 1AA179EF1A74E3D30061CA3E /* Products */;
			projectDirPath = "";
			projectRoot = "";
			targets = (
				1AA179ED1A74E3D30061CA3E /* turnip */,
				1AA17A091A74E3D30061CA3E /* turnipTests */,
			);
		};
/* End PBXProject section */

/* Begin PBXResourcesBuildPhase section */
		1AA179EC1A74E3D30061CA3E /* Resources */ = {
			isa = PBXResourcesBuildPhase;
			buildActionMask = 2147483647;
			files = (
				1AFD3FEC1A74ED9E00B2EABE /* Placeholder.jpg in Resources */,
				1AFD3FFE1A74EEC700B2EABE /* Main.storyboard in Resources */,
				1AFD3FE31A74ED9E00B2EABE /* LaunchScreen.strings in Resources */,
				1AFD3FE61A74ED9E00B2EABE /* Images.xcassets in Resources */,
				1A8626261A7B15B400AF63B9 /* fb_icon_325x325.png in Resources */,
				1A8626271A7B15B400AF63B9 /* ZW4QC.png in Resources */,
				1AFD406B1A7A1DBB00B2EABE /* simpleMenuButton.png in Resources */,
				1A9AE4D51A8052D200AADDAA /* green.png in Resources */,
				1A9AE4D61A8052D200AADDAA /* red.png in Resources */,
				1AFD3FDC1A74ED9E00B2EABE /* LaunchScreen.xib in Resources */,
			);
			runOnlyForDeploymentPostprocessing = 0;
		};
		1AA17A081A74E3D30061CA3E /* Resources */ = {
			isa = PBXResourcesBuildPhase;
			buildActionMask = 2147483647;
			files = (
			);
			runOnlyForDeploymentPostprocessing = 0;
		};
/* End PBXResourcesBuildPhase section */

/* Begin PBXShellScriptBuildPhase section */
		B030D2EC6D371AC3CA18D9DE /* Copy Pods Resources */ = {
			isa = PBXShellScriptBuildPhase;
			buildActionMask = 2147483647;
			files = (
			);
			inputPaths = (
			);
			name = "Copy Pods Resources";
			outputPaths = (
			);
			runOnlyForDeploymentPostprocessing = 0;
			shellPath = /bin/sh;
			shellScript = "\"${SRCROOT}/Pods/Target Support Files/Pods-turnip/Pods-turnip-resources.sh\"\n";
			showEnvVarsInLog = 0;
		};
		F21C08E645DACD6C5FD35BBB /* Check Pods Manifest.lock */ = {
			isa = PBXShellScriptBuildPhase;
			buildActionMask = 2147483647;
			files = (
			);
			inputPaths = (
			);
			name = "Check Pods Manifest.lock";
			outputPaths = (
			);
			runOnlyForDeploymentPostprocessing = 0;
			shellPath = /bin/sh;
			shellScript = "diff \"${PODS_ROOT}/../Podfile.lock\" \"${PODS_ROOT}/Manifest.lock\" > /dev/null\nif [[ $? != 0 ]] ; then\n    cat << EOM\nerror: The sandbox is not in sync with the Podfile.lock. Run 'pod install' or update your CocoaPods installation.\nEOM\n    exit 1\nfi\n";
			showEnvVarsInLog = 0;
		};
/* End PBXShellScriptBuildPhase section */

/* Begin PBXSourcesBuildPhase section */
		1AA179EA1A74E3D30061CA3E /* Sources */ = {
			isa = PBXSourcesBuildPhase;
			buildActionMask = 2147483647;
			files = (
				1A1B32191AA05E090096F2DF /* NotificationTableViewCell.m in Sources */,
				1AFD3FDB1A74ED9E00B2EABE /* AppDelegate.m in Sources */,
				1A6B4A281A94A82000DA8928 /* DetailSidebarTableViewController.m in Sources */,
				1AA179F41A74E3D30061CA3E /* main.m in Sources */,
				1A9D0D331A9D25020082550C /* TeammateTableViewController.m in Sources */,
				1AFD3FE41A74ED9E00B2EABE /* FindTableCell.m in Sources */,
				1A9AE4CC1A7E281400AADDAA /* TurnipUser.m in Sources */,
				1A5241AB1A9AF6EE008E2B72 /* ThrowNextViewController.m in Sources */,
				1A9D0D361A9DC7780082550C /* TeammateTableViewCell.m in Sources */,
				1A9AE4D91A80C2D700AADDAA /* RequestViewController.m in Sources */,
				1AFD3FEA1A74ED9E00B2EABE /* MapViewController.m in Sources */,
				1AFD3FE51A74ED9E00B2EABE /* FindViewController.m in Sources */,
				1A28E2261A8EF46B00067C9C /* ScannerShapeView.m in Sources */,
				1AFD3FED1A74ED9E00B2EABE /* MapMarker.m in Sources */,
				1ABABC1B1A839BFB00C0A617 /* NotificationViewController.m in Sources */,
				1AFD3FE81A74ED9E00B2EABE /* LoginViewController.m in Sources */,
				1AFD3FEB1A74ED9E00B2EABE /* TurnipEvent.m in Sources */,
				1AFD3FE11A74ED9E00B2EABE /* DateTimePicker.m in Sources */,
				1A8626181A7A321700AF63B9 /* SWRevealViewController.m in Sources */,
				1A9AE4CF1A7F787F00AADDAA /* TurnipDataModel.xcdatamodeld in Sources */,
				1A1B32161A9E76490096F2DF /* TurnipCustomTabBarViewController.m in Sources */,
				1A86261F1A7A3BB200AF63B9 /* SidebarTableViewController.m in Sources */,
				1AFD40491A751F2200B2EABE /* MBProgressHUD.m in Sources */,
				1A37C2D71A8DF19800FCC397 /* ScannerViewController.m in Sources */,
				1ABABC1E1A860CD100C0A617 /* TicketViewController.m in Sources */,
				1AFD3FEE1A74ED9E00B2EABE /* ProfileViewController.m in Sources */,
				1AFD3FEF1A74ED9E00B2EABE /* ThrowViewController.m in Sources */,
				1AFD3FE21A74ED9E00B2EABE /* DetailViewController.m in Sources */,
			);
			runOnlyForDeploymentPostprocessing = 0;
		};
		1AA17A061A74E3D30061CA3E /* Sources */ = {
			isa = PBXSourcesBuildPhase;
			buildActionMask = 2147483647;
			files = (
				1AA17A111A74E3D30061CA3E /* turnipTests.m in Sources */,
			);
			runOnlyForDeploymentPostprocessing = 0;
		};
/* End PBXSourcesBuildPhase section */

/* Begin PBXTargetDependency section */
		1AA17A0C1A74E3D30061CA3E /* PBXTargetDependency */ = {
			isa = PBXTargetDependency;
			target = 1AA179ED1A74E3D30061CA3E /* turnip */;
			targetProxy = 1AA17A0B1A74E3D30061CA3E /* PBXContainerItemProxy */;
		};
/* End PBXTargetDependency section */

/* Begin PBXVariantGroup section */
		1AFD3FB81A74ED9E00B2EABE /* LaunchScreen.xib */ = {
			isa = PBXVariantGroup;
			children = (
				1AFD3FB91A74ED9E00B2EABE /* Base */,
			);
			name = LaunchScreen.xib;
			sourceTree = "<group>";
		};
		1AFD3FC41A74ED9E00B2EABE /* LaunchScreen.strings */ = {
			isa = PBXVariantGroup;
			children = (
				1AFD3FC51A74ED9E00B2EABE /* en */,
			);
			name = LaunchScreen.strings;
			sourceTree = "<group>";
		};
		1AFD3FFC1A74EEC700B2EABE /* Main.storyboard */ = {
			isa = PBXVariantGroup;
			children = (
				1AFD3FFD1A74EEC700B2EABE /* Base */,
			);
			name = Main.storyboard;
			sourceTree = "<group>";
		};
/* End PBXVariantGroup section */

/* Begin XCBuildConfiguration section */
		1AA17A121A74E3D30061CA3E /* Debug */ = {
			isa = XCBuildConfiguration;
			buildSettings = {
				ALWAYS_SEARCH_USER_PATHS = NO;
				CLANG_CXX_LANGUAGE_STANDARD = "gnu++0x";
				CLANG_CXX_LIBRARY = "libc++";
				CLANG_ENABLE_MODULES = YES;
				CLANG_ENABLE_OBJC_ARC = YES;
				CLANG_WARN_BOOL_CONVERSION = YES;
				CLANG_WARN_CONSTANT_CONVERSION = YES;
				CLANG_WARN_DIRECT_OBJC_ISA_USAGE = YES_ERROR;
				CLANG_WARN_EMPTY_BODY = YES;
				CLANG_WARN_ENUM_CONVERSION = YES;
				CLANG_WARN_INT_CONVERSION = YES;
				CLANG_WARN_OBJC_ROOT_CLASS = YES_ERROR;
				CLANG_WARN_UNREACHABLE_CODE = YES;
				CLANG_WARN__DUPLICATE_METHOD_MATCH = YES;
				"CODE_SIGN_IDENTITY[sdk=iphoneos*]" = "iPhone Developer";
				COPY_PHASE_STRIP = NO;
				ENABLE_STRICT_OBJC_MSGSEND = YES;
				GCC_C_LANGUAGE_STANDARD = gnu99;
				GCC_DYNAMIC_NO_PIC = NO;
				GCC_OPTIMIZATION_LEVEL = 0;
				GCC_PREPROCESSOR_DEFINITIONS = (
					"DEBUG=1",
					"$(inherited)",
				);
				GCC_SYMBOLS_PRIVATE_EXTERN = NO;
				GCC_WARN_64_TO_32_BIT_CONVERSION = YES;
				GCC_WARN_ABOUT_RETURN_TYPE = YES_ERROR;
				GCC_WARN_UNDECLARED_SELECTOR = YES;
				GCC_WARN_UNINITIALIZED_AUTOS = YES_AGGRESSIVE;
				GCC_WARN_UNUSED_FUNCTION = YES;
				GCC_WARN_UNUSED_VARIABLE = YES;
				IPHONEOS_DEPLOYMENT_TARGET = 8.1;
				MTL_ENABLE_DEBUG_INFO = YES;
				ONLY_ACTIVE_ARCH = YES;
				SDKROOT = iphoneos;
				TARGETED_DEVICE_FAMILY = "1,2";
			};
			name = Debug;
		};
		1AA17A131A74E3D30061CA3E /* Release */ = {
			isa = XCBuildConfiguration;
			buildSettings = {
				ALWAYS_SEARCH_USER_PATHS = NO;
				CLANG_CXX_LANGUAGE_STANDARD = "gnu++0x";
				CLANG_CXX_LIBRARY = "libc++";
				CLANG_ENABLE_MODULES = YES;
				CLANG_ENABLE_OBJC_ARC = YES;
				CLANG_WARN_BOOL_CONVERSION = YES;
				CLANG_WARN_CONSTANT_CONVERSION = YES;
				CLANG_WARN_DIRECT_OBJC_ISA_USAGE = YES_ERROR;
				CLANG_WARN_EMPTY_BODY = YES;
				CLANG_WARN_ENUM_CONVERSION = YES;
				CLANG_WARN_INT_CONVERSION = YES;
				CLANG_WARN_OBJC_ROOT_CLASS = YES_ERROR;
				CLANG_WARN_UNREACHABLE_CODE = YES;
				CLANG_WARN__DUPLICATE_METHOD_MATCH = YES;
				"CODE_SIGN_IDENTITY[sdk=iphoneos*]" = "iPhone Developer";
				COPY_PHASE_STRIP = YES;
				ENABLE_NS_ASSERTIONS = NO;
				ENABLE_STRICT_OBJC_MSGSEND = YES;
				GCC_C_LANGUAGE_STANDARD = gnu99;
				GCC_WARN_64_TO_32_BIT_CONVERSION = YES;
				GCC_WARN_ABOUT_RETURN_TYPE = YES_ERROR;
				GCC_WARN_UNDECLARED_SELECTOR = YES;
				GCC_WARN_UNINITIALIZED_AUTOS = YES_AGGRESSIVE;
				GCC_WARN_UNUSED_FUNCTION = YES;
				GCC_WARN_UNUSED_VARIABLE = YES;
				IPHONEOS_DEPLOYMENT_TARGET = 8.1;
				MTL_ENABLE_DEBUG_INFO = NO;
				SDKROOT = iphoneos;
				TARGETED_DEVICE_FAMILY = "1,2";
				VALIDATE_PRODUCT = YES;
			};
			name = Release;
		};
		1AA17A151A74E3D30061CA3E /* Debug */ = {
			isa = XCBuildConfiguration;
			baseConfigurationReference = 128F4766B166E2108280E1E6 /* Pods-turnip.debug.xcconfig */;
			buildSettings = {
				ASSETCATALOG_COMPILER_APPICON_NAME = AppIcon;
				CODE_SIGN_IDENTITY = "iPhone Developer";
				"CODE_SIGN_IDENTITY[sdk=iphoneos*]" = "iPhone Developer";
				FRAMEWORK_SEARCH_PATHS = (
					"$(inherited)",
					"$(PROJECT_DIR)",
					"./**",
				);
				INFOPLIST_FILE = turnip/Info.plist;
				IPHONEOS_DEPLOYMENT_TARGET = 7.1;
				LD_RUNPATH_SEARCH_PATHS = "$(inherited) @executable_path/Frameworks";
				ONLY_ACTIVE_ARCH = YES;
				OTHER_LDFLAGS = (
					"-ObjC",
					"$(inherited)",
				);
				PRODUCT_NAME = "$(TARGET_NAME)";
				PROVISIONING_PROFILE = "";
				SDKROOT = iphoneos;
				TARGETED_DEVICE_FAMILY = 1;
				VALID_ARCHS = "arm64 armv7 armv7s";
			};
			name = Debug;
		};
		1AA17A161A74E3D30061CA3E /* Release */ = {
			isa = XCBuildConfiguration;
			baseConfigurationReference = 75F6F5BBAA2AAD5381FEB163 /* Pods-turnip.release.xcconfig */;
			buildSettings = {
				ASSETCATALOG_COMPILER_APPICON_NAME = AppIcon;
				CODE_SIGN_IDENTITY = "iPhone Developer";
				"CODE_SIGN_IDENTITY[sdk=iphoneos*]" = "iPhone Developer";
				FRAMEWORK_SEARCH_PATHS = (
					"$(inherited)",
					"$(PROJECT_DIR)",
					"./**",
				);
				INFOPLIST_FILE = turnip/Info.plist;
				IPHONEOS_DEPLOYMENT_TARGET = 7.1;
				LD_RUNPATH_SEARCH_PATHS = "$(inherited) @executable_path/Frameworks";
				ONLY_ACTIVE_ARCH = NO;
				OTHER_LDFLAGS = (
					"-ObjC",
					"$(inherited)",
				);
				PRODUCT_NAME = "$(TARGET_NAME)";
				PROVISIONING_PROFILE = "";
				SDKROOT = iphoneos;
				TARGETED_DEVICE_FAMILY = 1;
				VALID_ARCHS = "arm64 armv7 armv7s";
			};
			name = Release;
		};
		1AA17A181A74E3D30061CA3E /* Debug */ = {
			isa = XCBuildConfiguration;
			buildSettings = {
				BUNDLE_LOADER = "$(TEST_HOST)";
				FRAMEWORK_SEARCH_PATHS = (
					"$(SDKROOT)/Developer/Library/Frameworks",
					"$(inherited)",
				);
				GCC_PREPROCESSOR_DEFINITIONS = (
					"DEBUG=1",
					"$(inherited)",
				);
				INFOPLIST_FILE = turnipTests/Info.plist;
				LD_RUNPATH_SEARCH_PATHS = "$(inherited) @executable_path/Frameworks @loader_path/Frameworks";
				PRODUCT_NAME = "$(TARGET_NAME)";
				TEST_HOST = "$(BUILT_PRODUCTS_DIR)/turnip.app/turnip";
			};
			name = Debug;
		};
		1AA17A191A74E3D30061CA3E /* Release */ = {
			isa = XCBuildConfiguration;
			buildSettings = {
				BUNDLE_LOADER = "$(TEST_HOST)";
				FRAMEWORK_SEARCH_PATHS = (
					"$(SDKROOT)/Developer/Library/Frameworks",
					"$(inherited)",
				);
				INFOPLIST_FILE = turnipTests/Info.plist;
				LD_RUNPATH_SEARCH_PATHS = "$(inherited) @executable_path/Frameworks @loader_path/Frameworks";
				PRODUCT_NAME = "$(TARGET_NAME)";
				TEST_HOST = "$(BUILT_PRODUCTS_DIR)/turnip.app/turnip";
			};
			name = Release;
		};
/* End XCBuildConfiguration section */

/* Begin XCConfigurationList section */
		1AA179E91A74E3D30061CA3E /* Build configuration list for PBXProject "turnip" */ = {
			isa = XCConfigurationList;
			buildConfigurations = (
				1AA17A121A74E3D30061CA3E /* Debug */,
				1AA17A131A74E3D30061CA3E /* Release */,
			);
			defaultConfigurationIsVisible = 0;
			defaultConfigurationName = Release;
		};
		1AA17A141A74E3D30061CA3E /* Build configuration list for PBXNativeTarget "turnip" */ = {
			isa = XCConfigurationList;
			buildConfigurations = (
				1AA17A151A74E3D30061CA3E /* Debug */,
				1AA17A161A74E3D30061CA3E /* Release */,
			);
			defaultConfigurationIsVisible = 0;
			defaultConfigurationName = Release;
		};
		1AA17A171A74E3D30061CA3E /* Build configuration list for PBXNativeTarget "turnipTests" */ = {
			isa = XCConfigurationList;
			buildConfigurations = (
				1AA17A181A74E3D30061CA3E /* Debug */,
				1AA17A191A74E3D30061CA3E /* Release */,
			);
			defaultConfigurationIsVisible = 0;
			defaultConfigurationName = Release;
		};
/* End XCConfigurationList section */

/* Begin XCVersionGroup section */
		1A9AE4CD1A7F787F00AADDAA /* TurnipDataModel.xcdatamodeld */ = {
			isa = XCVersionGroup;
			children = (
				1A9AE4CE1A7F787F00AADDAA /* TurnipDataModel.xcdatamodel */,
			);
			currentVersion = 1A9AE4CE1A7F787F00AADDAA /* TurnipDataModel.xcdatamodel */;
			path = TurnipDataModel.xcdatamodeld;
			sourceTree = "<group>";
			versionGroupType = wrapper.xcdatamodel;
		};
/* End XCVersionGroup section */
	};
	rootObject = 1AA179E61A74E3D30061CA3E /* Project object */;
}
