// !$*UTF8*$!
{
	archiveVersion = 1;
	classes = {
	};
	objectVersion = 46;
	objects = {

/* Begin PBXBuildFile section */
		1A0EA3B81B5896DE0021EDB0 /* SAERatingViewController.m in Sources */ = {isa = PBXBuildFile; fileRef = 1A0EA3B71B5896DE0021EDB0 /* SAERatingViewController.m */; };
		1A0EA3BB1B58BFF00021EDB0 /* SAERatingViewCell.m in Sources */ = {isa = PBXBuildFile; fileRef = 1A0EA3BA1B58BFF00021EDB0 /* SAERatingViewCell.m */; };
		1A1B32161A9E76490096F2DF /* SAETabBarViewController.m in Sources */ = {isa = PBXBuildFile; fileRef = 1A1B32151A9E76490096F2DF /* SAETabBarViewController.m */; };
		1A1B32191AA05E090096F2DF /* NotificationTableViewCell.m in Sources */ = {isa = PBXBuildFile; fileRef = 1A1B32181AA05E090096F2DF /* NotificationTableViewCell.m */; };
		1A28E2261A8EF46B00067C9C /* ScannerShapeView.m in Sources */ = {isa = PBXBuildFile; fileRef = 1A28E2251A8EF46B00067C9C /* ScannerShapeView.m */; };
		1A2AA2AD1AFF192D007010E9 /* camera placeholder.png in Resources */ = {isa = PBXBuildFile; fileRef = 1A2AA2AC1AFF192D007010E9 /* camera placeholder.png */; };
		1A2AA2BA1AFF3BA6007010E9 /* Accelerate.framework in Frameworks */ = {isa = PBXBuildFile; fileRef = 1A2AA2B91AFF3BA6007010E9 /* Accelerate.framework */; };
		1A2AA2C01AFF3BE3007010E9 /* FXBlurView.m in Sources */ = {isa = PBXBuildFile; fileRef = 1A2AA2BF1AFF3BE3007010E9 /* FXBlurView.m */; };
		1A2AA2D01B0315BC007010E9 /* unattend.png in Resources */ = {isa = PBXBuildFile; fileRef = 1A2AA2CF1B0315BC007010E9 /* unattend.png */; };
		1A2AA2E11B0B3AE5007010E9 /* PUBLIC.png in Resources */ = {isa = PBXBuildFile; fileRef = 1A2AA2E01B0B3AE5007010E9 /* PUBLIC.png */; };
		1A2AA2E31B0B3AF5007010E9 /* PRIVATE.png in Resources */ = {isa = PBXBuildFile; fileRef = 1A2AA2E21B0B3AF5007010E9 /* PRIVATE.png */; };
		1A4CB8F71B70DE310045BA7A /* SAEEventFeedViewCell.m in Sources */ = {isa = PBXBuildFile; fileRef = 1A4CB8F61B70DE310045BA7A /* SAEEventFeedViewCell.m */; };
		1A4CB8FA1B70DE5B0045BA7A /* SAEEventFeedViewController.m in Sources */ = {isa = PBXBuildFile; fileRef = 1A4CB8F91B70DE5B0045BA7A /* SAEEventFeedViewController.m */; };
		1A4CB8FC1B70EA3B0045BA7A /* down.png in Resources */ = {isa = PBXBuildFile; fileRef = 1A4CB8FB1B70EA3B0045BA7A /* down.png */; };
		1A4CB8FE1B7202C50045BA7A /* up.png in Resources */ = {isa = PBXBuildFile; fileRef = 1A4CB8FD1B7202C50045BA7A /* up.png */; };
		1A5241AB1A9AF6EE008E2B72 /* SAEThrowNextViewController.m in Sources */ = {isa = PBXBuildFile; fileRef = 1A5241AA1A9AF6EE008E2B72 /* SAEThrowNextViewController.m */; };
		1A54AEC21AA67826004F55B4 /* SidebarTableViewController.m in Sources */ = {isa = PBXBuildFile; fileRef = 1A54AEC11AA67826004F55B4 /* SidebarTableViewController.m */; };
		1A54AEC51AA67836004F55B4 /* ScannerViewController.m in Sources */ = {isa = PBXBuildFile; fileRef = 1A54AEC41AA67836004F55B4 /* ScannerViewController.m */; };
		1A8626271A7B15B400AF63B9 /* ZW4QC.png in Resources */ = {isa = PBXBuildFile; fileRef = 1A8626251A7B15B400AF63B9 /* ZW4QC.png */; };
		1A8A84851AF489E9002A75AF /* qrcircle.png in Resources */ = {isa = PBXBuildFile; fileRef = 1A8A84841AF489E9002A75AF /* qrcircle.png */; };
		1A8A84871AF718AC002A75AF /* add.png in Resources */ = {isa = PBXBuildFile; fileRef = 1A8A84861AF718AC002A75AF /* add.png */; };
		1A8A848B1AF718BA002A75AF /* delete.png in Resources */ = {isa = PBXBuildFile; fileRef = 1A8A84881AF718BA002A75AF /* delete.png */; };
		1A8A848C1AF718BA002A75AF /* edit.png in Resources */ = {isa = PBXBuildFile; fileRef = 1A8A84891AF718BA002A75AF /* edit.png */; };
		1A8A848D1AF718BA002A75AF /* scanner.png in Resources */ = {isa = PBXBuildFile; fileRef = 1A8A848A1AF718BA002A75AF /* scanner.png */; };
		1A9AE4CF1A7F787F00AADDAA /* TurnipDataModel.xcdatamodeld in Sources */ = {isa = PBXBuildFile; fileRef = 1A9AE4CD1A7F787F00AADDAA /* TurnipDataModel.xcdatamodeld */; };
		1A9AE4D91A80C2D700AADDAA /* RequestViewController.m in Sources */ = {isa = PBXBuildFile; fileRef = 1A9AE4D81A80C2D700AADDAA /* RequestViewController.m */; };
		1A9D0D331A9D25020082550C /* TeammateViewController.m in Sources */ = {isa = PBXBuildFile; fileRef = 1A9D0D321A9D25020082550C /* TeammateViewController.m */; };
		1A9D0D361A9DC7780082550C /* TeammateTableViewCell.m in Sources */ = {isa = PBXBuildFile; fileRef = 1A9D0D351A9DC7780082550C /* TeammateTableViewCell.m */; };
		1A9E371D1AEE231D000802C3 /* arrow.png in Resources */ = {isa = PBXBuildFile; fileRef = 1A9E371C1AEE231D000802C3 /* arrow.png */; };
		1A9F1DA41ADEF95F00CC4E6A /* ex.png in Resources */ = {isa = PBXBuildFile; fileRef = 1A9F1DA31ADEF95F00CC4E6A /* ex.png */; };
		1A9F1DAD1AE0FD0200CC4E6A /* ShareViewController.m in Sources */ = {isa = PBXBuildFile; fileRef = 1A9F1DAC1AE0FD0200CC4E6A /* ShareViewController.m */; };
		1A9F1DAF1AE32DD100CC4E6A /* go.png in Resources */ = {isa = PBXBuildFile; fileRef = 1A9F1DAE1AE32DD100CC4E6A /* go.png */; };
		1A9F1DB31AE32DDF00CC4E6A /* message.png in Resources */ = {isa = PBXBuildFile; fileRef = 1A9F1DB01AE32DDF00CC4E6A /* message.png */; };
		1A9F1DB41AE32DDF00CC4E6A /* request.png in Resources */ = {isa = PBXBuildFile; fileRef = 1A9F1DB11AE32DDF00CC4E6A /* request.png */; };
		1A9F1DB51AE32DDF00CC4E6A /* request2.png in Resources */ = {isa = PBXBuildFile; fileRef = 1A9F1DB21AE32DDF00CC4E6A /* request2.png */; };
		1A9FD9CE1AB3D9C1000BF15C /* LemonMilk.otf in Resources */ = {isa = PBXBuildFile; fileRef = 1A9FD9CD1AB3D992000BF15C /* LemonMilk.otf */; };
		1A9FD9D11AB6BEAF000BF15C /* SAEMessagingViewController.m in Sources */ = {isa = PBXBuildFile; fileRef = 1A9FD9D01AB6BEAF000BF15C /* SAEMessagingViewController.m */; };
		1A9FD9D41AB6DAB2000BF15C /* ToSViewController.m in Sources */ = {isa = PBXBuildFile; fileRef = 1A9FD9D31AB6DAB2000BF15C /* ToSViewController.m */; };
		1AA011991AD1E4ED003E7B76 /* ProfileImageCollectionViewController.m in Sources */ = {isa = PBXBuildFile; fileRef = 1AA011981AD1E4ED003E7B76 /* ProfileImageCollectionViewController.m */; };
		1AA0119C1AD22906003E7B76 /* profileAlbumCollectionViewCell.m in Sources */ = {isa = PBXBuildFile; fileRef = 1AA0119B1AD22906003E7B76 /* profileAlbumCollectionViewCell.m */; };
		1AA0668F1AC1045B008A5A11 /* SAEConversationViewController.m in Sources */ = {isa = PBXBuildFile; fileRef = 1AA0668E1AC1045B008A5A11 /* SAEConversationViewController.m */; };
		1AA066921AC3D0A7008A5A11 /* SAEConversationTableViewCell.m in Sources */ = {isa = PBXBuildFile; fileRef = 1AA066911AC3D0A7008A5A11 /* SAEConversationTableViewCell.m */; };
		1AA179F41A74E3D30061CA3E /* main.m in Sources */ = {isa = PBXBuildFile; fileRef = 1AA179F31A74E3D30061CA3E /* main.m */; };
		1AA17A111A74E3D30061CA3E /* turnipTests.m in Sources */ = {isa = PBXBuildFile; fileRef = 1AA17A101A74E3D30061CA3E /* turnipTests.m */; };
		1AA469E31AE9B03400D5BA08 /* SAEEventDetailsViewController.m in Sources */ = {isa = PBXBuildFile; fileRef = 1AA469E21AE9B03400D5BA08 /* SAEEventDetailsViewController.m */; };
		1AA68CFC1AE71D28005A9D09 /* SAEHostDetailsViewController.m in Sources */ = {isa = PBXBuildFile; fileRef = 1AA68CFB1AE71D28005A9D09 /* SAEHostDetailsViewController.m */; };
		1ABABC1B1A839BFB00C0A617 /* NotificationViewController.m in Sources */ = {isa = PBXBuildFile; fileRef = 1ABABC1A1A839BFB00C0A617 /* NotificationViewController.m */; };
		1ABABC1E1A860CD100C0A617 /* SAETicketViewController.m in Sources */ = {isa = PBXBuildFile; fileRef = 1ABABC1D1A860CD100C0A617 /* SAETicketViewController.m */; };
		1AD082EB1B13C08B00D0B0F0 /* SAEBirthdayViewController.m in Sources */ = {isa = PBXBuildFile; fileRef = 1AD082EA1B13C08A00D0B0F0 /* SAEBirthdayViewController.m */; };
		1AD082EE1B1AF68000D0B0F0 /* SAEUtilityFunctions.m in Sources */ = {isa = PBXBuildFile; fileRef = 1AD082ED1B1AF68000D0B0F0 /* SAEUtilityFunctions.m */; };
		1AD8BA121AC5C3610018C383 /* SAEAcceptToSViewController.m in Sources */ = {isa = PBXBuildFile; fileRef = 1AD8BA111AC5C3610018C383 /* SAEAcceptToSViewController.m */; };
		1ADB35991AF976EA0075984F /* ParseErrorHandlingController.m in Sources */ = {isa = PBXBuildFile; fileRef = 1ADB35981AF976EA0075984F /* ParseErrorHandlingController.m */; };
		1ADB359C1AF9804D0075984F /* SWRevealViewController.m in Sources */ = {isa = PBXBuildFile; fileRef = 1ADB359B1AF9804D0075984F /* SWRevealViewController.m */; };
		1ADB359F1AFD85880075984F /* logo.png in Resources */ = {isa = PBXBuildFile; fileRef = 1ADB359E1AFD85880075984F /* logo.png */; };
		1ADB35A71AFEAD8F0075984F /* turnip.png in Resources */ = {isa = PBXBuildFile; fileRef = 1ADB35A61AFEAD8F0075984F /* turnip.png */; };
		1ADB3F761B1E5BA30002B466 /* SAEAddressViewController.m in Sources */ = {isa = PBXBuildFile; fileRef = 1ADB3F751B1E5BA30002B466 /* SAEAddressViewController.m */; };
		1ADBC4751B3209450038DD17 /* Untitled-1.png in Resources */ = {isa = PBXBuildFile; fileRef = 1ADBC4741B3209450038DD17 /* Untitled-1.png */; };
		1ADBC4781B3216BC0038DD17 /* SAELocationManager.m in Sources */ = {isa = PBXBuildFile; fileRef = 1ADBC4771B3216BC0038DD17 /* SAELocationManager.m */; };
		1ADEBF2F1AAE5AA90054197C /* EditViewController.m in Sources */ = {isa = PBXBuildFile; fileRef = 1ADEBF2E1AAE5AA90054197C /* EditViewController.m */; };
		1ADEBF321AAF9F1C0054197C /* EditNextViewController.m in Sources */ = {isa = PBXBuildFile; fileRef = 1ADEBF311AAF9F1C0054197C /* EditNextViewController.m */; };
		1ADEBF371AB346880054197C /* ReachabilityManager.m in Sources */ = {isa = PBXBuildFile; fileRef = 1ADEBF361AB346880054197C /* ReachabilityManager.m */; };
		1AE1218E1B74B38100BEC3C4 /* SAEFeedEvent.m in Sources */ = {isa = PBXBuildFile; fileRef = 1AE1218D1B74B37B00BEC3C4 /* SAEFeedEvent.m */; };
		1AFD3FDB1A74ED9E00B2EABE /* AppDelegate.m in Sources */ = {isa = PBXBuildFile; fileRef = 1AFD3FB61A74ED9E00B2EABE /* AppDelegate.m */; };
		1AFD3FDC1A74ED9E00B2EABE /* LaunchScreen.xib in Resources */ = {isa = PBXBuildFile; fileRef = 1AFD3FB81A74ED9E00B2EABE /* LaunchScreen.xib */; };
		1AFD3FE11A74ED9E00B2EABE /* DateTimePicker.m in Sources */ = {isa = PBXBuildFile; fileRef = 1AFD3FC01A74ED9E00B2EABE /* DateTimePicker.m */; };
		1AFD3FE31A74ED9E00B2EABE /* LaunchScreen.strings in Resources */ = {isa = PBXBuildFile; fileRef = 1AFD3FC41A74ED9E00B2EABE /* LaunchScreen.strings */; };
		1AFD3FE41A74ED9E00B2EABE /* SAEFindTableCell.m in Sources */ = {isa = PBXBuildFile; fileRef = 1AFD3FC71A74ED9E00B2EABE /* SAEFindTableCell.m */; };
		1AFD3FE51A74ED9E00B2EABE /* SAEFindViewController.m in Sources */ = {isa = PBXBuildFile; fileRef = 1AFD3FC91A74ED9E00B2EABE /* SAEFindViewController.m */; };
		1AFD3FE61A74ED9E00B2EABE /* Images.xcassets in Resources */ = {isa = PBXBuildFile; fileRef = 1AFD3FCA1A74ED9E00B2EABE /* Images.xcassets */; };
		1AFD3FE81A74ED9E00B2EABE /* SAELoginViewController.m in Sources */ = {isa = PBXBuildFile; fileRef = 1AFD3FCD1A74ED9E00B2EABE /* SAELoginViewController.m */; };
		1AFD3FEA1A74ED9E00B2EABE /* SAEMapViewController.m in Sources */ = {isa = PBXBuildFile; fileRef = 1AFD3FD01A74ED9E00B2EABE /* SAEMapViewController.m */; };
		1AFD3FED1A74ED9E00B2EABE /* SAEMapMarker.m in Sources */ = {isa = PBXBuildFile; fileRef = 1AFD3FD61A74ED9E00B2EABE /* SAEMapMarker.m */; };
		1AFD3FEE1A74ED9E00B2EABE /* ProfileViewController.m in Sources */ = {isa = PBXBuildFile; fileRef = 1AFD3FD81A74ED9E00B2EABE /* ProfileViewController.m */; };
		1AFD3FEF1A74ED9E00B2EABE /* SAEThrowViewController.m in Sources */ = {isa = PBXBuildFile; fileRef = 1AFD3FDA1A74ED9E00B2EABE /* SAEThrowViewController.m */; };
		1AFD3FFE1A74EEC700B2EABE /* Main.storyboard in Resources */ = {isa = PBXBuildFile; fileRef = 1AFD3FFC1A74EEC700B2EABE /* Main.storyboard */; };
		1AFD400A1A74F17000B2EABE /* CoreData.framework in Frameworks */ = {isa = PBXBuildFile; fileRef = 1AFD40051A74F17000B2EABE /* CoreData.framework */; };
		1AFD40141A74F19300B2EABE /* ImageIO.framework in Frameworks */ = {isa = PBXBuildFile; fileRef = 1AFD40131A74F19300B2EABE /* ImageIO.framework */; };
		1AFD40161A74F1A300B2EABE /* libc++.dylib in Frameworks */ = {isa = PBXBuildFile; fileRef = 1AFD40151A74F1A300B2EABE /* libc++.dylib */; };
		1AFD40181A74F1B200B2EABE /* libicucore.dylib in Frameworks */ = {isa = PBXBuildFile; fileRef = 1AFD40171A74F1B200B2EABE /* libicucore.dylib */; };
		1AFD401A1A74F1BB00B2EABE /* libz.dylib in Frameworks */ = {isa = PBXBuildFile; fileRef = 1AFD40191A74F1BB00B2EABE /* libz.dylib */; };
		1AFD402F1A74F26700B2EABE /* libsqlite3.dylib in Frameworks */ = {isa = PBXBuildFile; fileRef = 1AFD402E1A74F26700B2EABE /* libsqlite3.dylib */; };
		1AFD40381A74F89100B2EABE /* Social.framework in Frameworks */ = {isa = PBXBuildFile; fileRef = 1AFD40371A74F89100B2EABE /* Social.framework */; };
		1AFD403A1A74F89600B2EABE /* Accounts.framework in Frameworks */ = {isa = PBXBuildFile; fileRef = 1AFD40391A74F89600B2EABE /* Accounts.framework */; };
		1AFD40491A751F2200B2EABE /* MBProgressHUD.m in Sources */ = {isa = PBXBuildFile; fileRef = 1AFD40481A751F2200B2EABE /* MBProgressHUD.m */; };
		AB78C0845A009A5F3A9EF209 /* libPods-turnip.a in Frameworks */ = {isa = PBXBuildFile; fileRef = D397F68C3BE458359F6CA901 /* libPods-turnip.a */; };
/* End PBXBuildFile section */

/* Begin PBXContainerItemProxy section */
		1AA17A0B1A74E3D30061CA3E /* PBXContainerItemProxy */ = {
			isa = PBXContainerItemProxy;
			containerPortal = 1AA179E61A74E3D30061CA3E /* Project object */;
			proxyType = 1;
			remoteGlobalIDString = 1AA179ED1A74E3D30061CA3E;
			remoteInfo = turnip;
		};
/* End PBXContainerItemProxy section */

/* Begin PBXFileReference section */
		128F4766B166E2108280E1E6 /* Pods-turnip.debug.xcconfig */ = {isa = PBXFileReference; includeInIndex = 1; lastKnownFileType = text.xcconfig; name = "Pods-turnip.debug.xcconfig"; path = "Pods/Target Support Files/Pods-turnip/Pods-turnip.debug.xcconfig"; sourceTree = "<group>"; };
		1A0EA3B61B5896DE0021EDB0 /* SAERatingViewController.h */ = {isa = PBXFileReference; fileEncoding = 4; lastKnownFileType = sourcecode.c.h; path = SAERatingViewController.h; sourceTree = "<group>"; };
		1A0EA3B71B5896DE0021EDB0 /* SAERatingViewController.m */ = {isa = PBXFileReference; fileEncoding = 4; lastKnownFileType = sourcecode.c.objc; path = SAERatingViewController.m; sourceTree = "<group>"; };
		1A0EA3B91B58BFF00021EDB0 /* SAERatingViewCell.h */ = {isa = PBXFileReference; fileEncoding = 4; lastKnownFileType = sourcecode.c.h; path = SAERatingViewCell.h; sourceTree = "<group>"; };
		1A0EA3BA1B58BFF00021EDB0 /* SAERatingViewCell.m */ = {isa = PBXFileReference; fileEncoding = 4; lastKnownFileType = sourcecode.c.objc; path = SAERatingViewCell.m; sourceTree = "<group>"; };
		1A1B32151A9E76490096F2DF /* SAETabBarViewController.m */ = {isa = PBXFileReference; fileEncoding = 4; lastKnownFileType = sourcecode.c.objc; path = SAETabBarViewController.m; sourceTree = "<group>"; };
		1A1B32171AA05E090096F2DF /* NotificationTableViewCell.h */ = {isa = PBXFileReference; fileEncoding = 4; lastKnownFileType = sourcecode.c.h; path = NotificationTableViewCell.h; sourceTree = "<group>"; };
		1A1B32181AA05E090096F2DF /* NotificationTableViewCell.m */ = {isa = PBXFileReference; fileEncoding = 4; lastKnownFileType = sourcecode.c.objc; path = NotificationTableViewCell.m; sourceTree = "<group>"; };
		1A28E2241A8EF46B00067C9C /* ScannerShapeView.h */ = {isa = PBXFileReference; fileEncoding = 4; lastKnownFileType = sourcecode.c.h; path = ScannerShapeView.h; sourceTree = "<group>"; };
		1A28E2251A8EF46B00067C9C /* ScannerShapeView.m */ = {isa = PBXFileReference; fileEncoding = 4; lastKnownFileType = sourcecode.c.objc; path = ScannerShapeView.m; sourceTree = "<group>"; };
		1A2AA2AC1AFF192D007010E9 /* camera placeholder.png */ = {isa = PBXFileReference; lastKnownFileType = image.png; path = "camera placeholder.png"; sourceTree = "<group>"; };
		1A2AA2B91AFF3BA6007010E9 /* Accelerate.framework */ = {isa = PBXFileReference; lastKnownFileType = wrapper.framework; name = Accelerate.framework; path = System/Library/Frameworks/Accelerate.framework; sourceTree = SDKROOT; };
		1A2AA2BE1AFF3BE3007010E9 /* FXBlurView.h */ = {isa = PBXFileReference; fileEncoding = 4; lastKnownFileType = sourcecode.c.h; path = FXBlurView.h; sourceTree = "<group>"; };
		1A2AA2BF1AFF3BE3007010E9 /* FXBlurView.m */ = {isa = PBXFileReference; fileEncoding = 4; lastKnownFileType = sourcecode.c.objc; path = FXBlurView.m; sourceTree = "<group>"; };
		1A2AA2CF1B0315BC007010E9 /* unattend.png */ = {isa = PBXFileReference; lastKnownFileType = image.png; path = unattend.png; sourceTree = "<group>"; };
		1A2AA2E01B0B3AE5007010E9 /* PUBLIC.png */ = {isa = PBXFileReference; lastKnownFileType = image.png; path = PUBLIC.png; sourceTree = "<group>"; };
		1A2AA2E21B0B3AF5007010E9 /* PRIVATE.png */ = {isa = PBXFileReference; lastKnownFileType = image.png; path = PRIVATE.png; sourceTree = "<group>"; };
		1A4CB8F51B70DE310045BA7A /* SAEEventFeedViewCell.h */ = {isa = PBXFileReference; fileEncoding = 4; lastKnownFileType = sourcecode.c.h; path = SAEEventFeedViewCell.h; sourceTree = "<group>"; };
		1A4CB8F61B70DE310045BA7A /* SAEEventFeedViewCell.m */ = {isa = PBXFileReference; fileEncoding = 4; lastKnownFileType = sourcecode.c.objc; path = SAEEventFeedViewCell.m; sourceTree = "<group>"; };
		1A4CB8F81B70DE5B0045BA7A /* SAEEventFeedViewController.h */ = {isa = PBXFileReference; fileEncoding = 4; lastKnownFileType = sourcecode.c.h; path = SAEEventFeedViewController.h; sourceTree = "<group>"; };
		1A4CB8F91B70DE5B0045BA7A /* SAEEventFeedViewController.m */ = {isa = PBXFileReference; fileEncoding = 4; lastKnownFileType = sourcecode.c.objc; path = SAEEventFeedViewController.m; sourceTree = "<group>"; };
		1A4CB8FB1B70EA3B0045BA7A /* down.png */ = {isa = PBXFileReference; lastKnownFileType = image.png; path = down.png; sourceTree = "<group>"; };
		1A4CB8FD1B7202C50045BA7A /* up.png */ = {isa = PBXFileReference; lastKnownFileType = image.png; path = up.png; sourceTree = "<group>"; };
		1A5241A91A9AF6EE008E2B72 /* SAEThrowNextViewController.h */ = {isa = PBXFileReference; fileEncoding = 4; lastKnownFileType = sourcecode.c.h; path = SAEThrowNextViewController.h; sourceTree = "<group>"; };
		1A5241AA1A9AF6EE008E2B72 /* SAEThrowNextViewController.m */ = {isa = PBXFileReference; fileEncoding = 4; lastKnownFileType = sourcecode.c.objc; path = SAEThrowNextViewController.m; sourceTree = "<group>"; };
		1A54AEC01AA67826004F55B4 /* SidebarTableViewController.h */ = {isa = PBXFileReference; fileEncoding = 4; lastKnownFileType = sourcecode.c.h; path = SidebarTableViewController.h; sourceTree = "<group>"; };
		1A54AEC11AA67826004F55B4 /* SidebarTableViewController.m */ = {isa = PBXFileReference; fileEncoding = 4; lastKnownFileType = sourcecode.c.objc; path = SidebarTableViewController.m; sourceTree = "<group>"; };
		1A54AEC31AA67836004F55B4 /* ScannerViewController.h */ = {isa = PBXFileReference; fileEncoding = 4; lastKnownFileType = sourcecode.c.h; path = ScannerViewController.h; sourceTree = "<group>"; };
		1A54AEC41AA67836004F55B4 /* ScannerViewController.m */ = {isa = PBXFileReference; fileEncoding = 4; lastKnownFileType = sourcecode.c.objc; path = ScannerViewController.m; sourceTree = "<group>"; };
		1A8626251A7B15B400AF63B9 /* ZW4QC.png */ = {isa = PBXFileReference; lastKnownFileType = image.png; path = ZW4QC.png; sourceTree = "<group>"; };
		1A8A84841AF489E9002A75AF /* qrcircle.png */ = {isa = PBXFileReference; lastKnownFileType = image.png; path = qrcircle.png; sourceTree = "<group>"; };
		1A8A84861AF718AC002A75AF /* add.png */ = {isa = PBXFileReference; lastKnownFileType = image.png; path = add.png; sourceTree = "<group>"; };
		1A8A84881AF718BA002A75AF /* delete.png */ = {isa = PBXFileReference; lastKnownFileType = image.png; path = delete.png; sourceTree = "<group>"; };
		1A8A84891AF718BA002A75AF /* edit.png */ = {isa = PBXFileReference; lastKnownFileType = image.png; path = edit.png; sourceTree = "<group>"; };
		1A8A848A1AF718BA002A75AF /* scanner.png */ = {isa = PBXFileReference; lastKnownFileType = image.png; path = scanner.png; sourceTree = "<group>"; };
		1A9AE4CE1A7F787F00AADDAA /* TurnipDataModel.xcdatamodel */ = {isa = PBXFileReference; lastKnownFileType = wrapper.xcdatamodel; path = TurnipDataModel.xcdatamodel; sourceTree = "<group>"; };
		1A9AE4D71A80C2D700AADDAA /* RequestViewController.h */ = {isa = PBXFileReference; fileEncoding = 4; lastKnownFileType = sourcecode.c.h; path = RequestViewController.h; sourceTree = "<group>"; };
		1A9AE4D81A80C2D700AADDAA /* RequestViewController.m */ = {isa = PBXFileReference; fileEncoding = 4; lastKnownFileType = sourcecode.c.objc; path = RequestViewController.m; sourceTree = "<group>"; };
		1A9D0D311A9D25020082550C /* TeammateViewController.h */ = {isa = PBXFileReference; fileEncoding = 4; lastKnownFileType = sourcecode.c.h; path = TeammateViewController.h; sourceTree = "<group>"; };
		1A9D0D321A9D25020082550C /* TeammateViewController.m */ = {isa = PBXFileReference; fileEncoding = 4; lastKnownFileType = sourcecode.c.objc; path = TeammateViewController.m; sourceTree = "<group>"; };
		1A9D0D341A9DC7780082550C /* TeammateTableViewCell.h */ = {isa = PBXFileReference; fileEncoding = 4; lastKnownFileType = sourcecode.c.h; path = TeammateTableViewCell.h; sourceTree = "<group>"; };
		1A9D0D351A9DC7780082550C /* TeammateTableViewCell.m */ = {isa = PBXFileReference; fileEncoding = 4; lastKnownFileType = sourcecode.c.objc; path = TeammateTableViewCell.m; sourceTree = "<group>"; };
		1A9E371C1AEE231D000802C3 /* arrow.png */ = {isa = PBXFileReference; lastKnownFileType = image.png; path = arrow.png; sourceTree = "<group>"; };
		1A9F1DA31ADEF95F00CC4E6A /* ex.png */ = {isa = PBXFileReference; lastKnownFileType = image.png; path = ex.png; sourceTree = "<group>"; };
		1A9F1DAB1AE0FD0200CC4E6A /* ShareViewController.h */ = {isa = PBXFileReference; fileEncoding = 4; lastKnownFileType = sourcecode.c.h; path = ShareViewController.h; sourceTree = "<group>"; };
		1A9F1DAC1AE0FD0200CC4E6A /* ShareViewController.m */ = {isa = PBXFileReference; fileEncoding = 4; lastKnownFileType = sourcecode.c.objc; path = ShareViewController.m; sourceTree = "<group>"; };
		1A9F1DAE1AE32DD100CC4E6A /* go.png */ = {isa = PBXFileReference; lastKnownFileType = image.png; path = go.png; sourceTree = "<group>"; };
		1A9F1DB01AE32DDF00CC4E6A /* message.png */ = {isa = PBXFileReference; lastKnownFileType = image.png; path = message.png; sourceTree = "<group>"; };
		1A9F1DB11AE32DDF00CC4E6A /* request.png */ = {isa = PBXFileReference; lastKnownFileType = image.png; path = request.png; sourceTree = "<group>"; };
		1A9F1DB21AE32DDF00CC4E6A /* request2.png */ = {isa = PBXFileReference; lastKnownFileType = image.png; path = request2.png; sourceTree = "<group>"; };
		1A9FD9CD1AB3D992000BF15C /* LemonMilk.otf */ = {isa = PBXFileReference; lastKnownFileType = file; path = LemonMilk.otf; sourceTree = "<group>"; };
		1A9FD9CF1AB6BEAF000BF15C /* SAEMessagingViewController.h */ = {isa = PBXFileReference; fileEncoding = 4; lastKnownFileType = sourcecode.c.h; path = SAEMessagingViewController.h; sourceTree = "<group>"; };
		1A9FD9D01AB6BEAF000BF15C /* SAEMessagingViewController.m */ = {isa = PBXFileReference; fileEncoding = 4; lastKnownFileType = sourcecode.c.objc; path = SAEMessagingViewController.m; sourceTree = "<group>"; };
		1A9FD9D21AB6DAB2000BF15C /* ToSViewController.h */ = {isa = PBXFileReference; fileEncoding = 4; lastKnownFileType = sourcecode.c.h; path = ToSViewController.h; sourceTree = "<group>"; };
		1A9FD9D31AB6DAB2000BF15C /* ToSViewController.m */ = {isa = PBXFileReference; fileEncoding = 4; lastKnownFileType = sourcecode.c.objc; path = ToSViewController.m; sourceTree = "<group>"; };
		1AA011971AD1E4ED003E7B76 /* ProfileImageCollectionViewController.h */ = {isa = PBXFileReference; fileEncoding = 4; lastKnownFileType = sourcecode.c.h; path = ProfileImageCollectionViewController.h; sourceTree = "<group>"; };
		1AA011981AD1E4ED003E7B76 /* ProfileImageCollectionViewController.m */ = {isa = PBXFileReference; fileEncoding = 4; lastKnownFileType = sourcecode.c.objc; path = ProfileImageCollectionViewController.m; sourceTree = "<group>"; };
		1AA0119A1AD22906003E7B76 /* profileAlbumCollectionViewCell.h */ = {isa = PBXFileReference; fileEncoding = 4; lastKnownFileType = sourcecode.c.h; path = profileAlbumCollectionViewCell.h; sourceTree = "<group>"; };
		1AA0119B1AD22906003E7B76 /* profileAlbumCollectionViewCell.m */ = {isa = PBXFileReference; fileEncoding = 4; lastKnownFileType = sourcecode.c.objc; path = profileAlbumCollectionViewCell.m; sourceTree = "<group>"; };
		1AA0668D1AC1045B008A5A11 /* SAEConversationViewController.h */ = {isa = PBXFileReference; fileEncoding = 4; lastKnownFileType = sourcecode.c.h; path = SAEConversationViewController.h; sourceTree = "<group>"; };
		1AA0668E1AC1045B008A5A11 /* SAEConversationViewController.m */ = {isa = PBXFileReference; fileEncoding = 4; lastKnownFileType = sourcecode.c.objc; path = SAEConversationViewController.m; sourceTree = "<group>"; };
		1AA066901AC3D0A7008A5A11 /* SAEConversationTableViewCell.h */ = {isa = PBXFileReference; fileEncoding = 4; lastKnownFileType = sourcecode.c.h; path = SAEConversationTableViewCell.h; sourceTree = "<group>"; };
		1AA066911AC3D0A7008A5A11 /* SAEConversationTableViewCell.m */ = {isa = PBXFileReference; fileEncoding = 4; lastKnownFileType = sourcecode.c.objc; path = SAEConversationTableViewCell.m; sourceTree = "<group>"; };
		1AA179EE1A74E3D30061CA3E /* turnip.app */ = {isa = PBXFileReference; explicitFileType = wrapper.application; includeInIndex = 0; path = turnip.app; sourceTree = BUILT_PRODUCTS_DIR; };
		1AA179F31A74E3D30061CA3E /* main.m */ = {isa = PBXFileReference; lastKnownFileType = sourcecode.c.objc; path = main.m; sourceTree = "<group>"; };
		1AA17A0A1A74E3D30061CA3E /* turnipTests.xctest */ = {isa = PBXFileReference; explicitFileType = wrapper.cfbundle; includeInIndex = 0; path = turnipTests.xctest; sourceTree = BUILT_PRODUCTS_DIR; };
		1AA17A0F1A74E3D30061CA3E /* Info.plist */ = {isa = PBXFileReference; lastKnownFileType = text.plist.xml; path = Info.plist; sourceTree = "<group>"; };
		1AA17A101A74E3D30061CA3E /* turnipTests.m */ = {isa = PBXFileReference; lastKnownFileType = sourcecode.c.objc; path = turnipTests.m; sourceTree = "<group>"; };
		1AA469E11AE9B03400D5BA08 /* SAEEventDetailsViewController.h */ = {isa = PBXFileReference; fileEncoding = 4; lastKnownFileType = sourcecode.c.h; path = SAEEventDetailsViewController.h; sourceTree = "<group>"; };
		1AA469E21AE9B03400D5BA08 /* SAEEventDetailsViewController.m */ = {isa = PBXFileReference; fileEncoding = 4; lastKnownFileType = sourcecode.c.objc; path = SAEEventDetailsViewController.m; sourceTree = "<group>"; };
		1AA68CFA1AE71D28005A9D09 /* SAEHostDetailsViewController.h */ = {isa = PBXFileReference; fileEncoding = 4; lastKnownFileType = sourcecode.c.h; path = SAEHostDetailsViewController.h; sourceTree = "<group>"; };
		1AA68CFB1AE71D28005A9D09 /* SAEHostDetailsViewController.m */ = {isa = PBXFileReference; fileEncoding = 4; lastKnownFileType = sourcecode.c.objc; path = SAEHostDetailsViewController.m; sourceTree = "<group>"; };
		1ABABC191A839BFB00C0A617 /* NotificationViewController.h */ = {isa = PBXFileReference; fileEncoding = 4; lastKnownFileType = sourcecode.c.h; path = NotificationViewController.h; sourceTree = "<group>"; };
		1ABABC1A1A839BFB00C0A617 /* NotificationViewController.m */ = {isa = PBXFileReference; fileEncoding = 4; lastKnownFileType = sourcecode.c.objc; path = NotificationViewController.m; sourceTree = "<group>"; };
		1ABABC1C1A860CD100C0A617 /* SAETicketViewController.h */ = {isa = PBXFileReference; fileEncoding = 4; lastKnownFileType = sourcecode.c.h; path = SAETicketViewController.h; sourceTree = "<group>"; };
		1ABABC1D1A860CD100C0A617 /* SAETicketViewController.m */ = {isa = PBXFileReference; fileEncoding = 4; lastKnownFileType = sourcecode.c.objc; path = SAETicketViewController.m; sourceTree = "<group>"; };
		1AD082E91B13C08A00D0B0F0 /* SAEBirthdayViewController.h */ = {isa = PBXFileReference; fileEncoding = 4; lastKnownFileType = sourcecode.c.h; path = SAEBirthdayViewController.h; sourceTree = "<group>"; };
		1AD082EA1B13C08A00D0B0F0 /* SAEBirthdayViewController.m */ = {isa = PBXFileReference; fileEncoding = 4; lastKnownFileType = sourcecode.c.objc; path = SAEBirthdayViewController.m; sourceTree = "<group>"; };
		1AD082EC1B1AF68000D0B0F0 /* SAEUtilityFunctions.h */ = {isa = PBXFileReference; fileEncoding = 4; lastKnownFileType = sourcecode.c.h; path = SAEUtilityFunctions.h; sourceTree = "<group>"; };
		1AD082ED1B1AF68000D0B0F0 /* SAEUtilityFunctions.m */ = {isa = PBXFileReference; fileEncoding = 4; lastKnownFileType = sourcecode.c.objc; path = SAEUtilityFunctions.m; sourceTree = "<group>"; };
		1AD8BA101AC5C3610018C383 /* SAEAcceptToSViewController.h */ = {isa = PBXFileReference; fileEncoding = 4; lastKnownFileType = sourcecode.c.h; path = SAEAcceptToSViewController.h; sourceTree = "<group>"; };
		1AD8BA111AC5C3610018C383 /* SAEAcceptToSViewController.m */ = {isa = PBXFileReference; fileEncoding = 4; lastKnownFileType = sourcecode.c.objc; path = SAEAcceptToSViewController.m; sourceTree = "<group>"; };
		1ADB35971AF976EA0075984F /* ParseErrorHandlingController.h */ = {isa = PBXFileReference; fileEncoding = 4; lastKnownFileType = sourcecode.c.h; path = ParseErrorHandlingController.h; sourceTree = "<group>"; };
		1ADB35981AF976EA0075984F /* ParseErrorHandlingController.m */ = {isa = PBXFileReference; fileEncoding = 4; lastKnownFileType = sourcecode.c.objc; path = ParseErrorHandlingController.m; sourceTree = "<group>"; };
		1ADB359A1AF9804D0075984F /* SWRevealViewController.h */ = {isa = PBXFileReference; fileEncoding = 4; lastKnownFileType = sourcecode.c.h; path = SWRevealViewController.h; sourceTree = "<group>"; };
		1ADB359B1AF9804D0075984F /* SWRevealViewController.m */ = {isa = PBXFileReference; fileEncoding = 4; lastKnownFileType = sourcecode.c.objc; path = SWRevealViewController.m; sourceTree = "<group>"; };
		1ADB359D1AFA7ED60075984F /* SAETabBarViewController.h */ = {isa = PBXFileReference; fileEncoding = 4; lastKnownFileType = sourcecode.c.h; path = SAETabBarViewController.h; sourceTree = "<group>"; };
		1ADB359E1AFD85880075984F /* logo.png */ = {isa = PBXFileReference; lastKnownFileType = image.png; path = logo.png; sourceTree = "<group>"; };
		1ADB35A61AFEAD8F0075984F /* turnip.png */ = {isa = PBXFileReference; lastKnownFileType = image.png; path = turnip.png; sourceTree = "<group>"; };
		1ADB3F741B1E5BA30002B466 /* SAEAddressViewController.h */ = {isa = PBXFileReference; fileEncoding = 4; lastKnownFileType = sourcecode.c.h; path = SAEAddressViewController.h; sourceTree = "<group>"; };
		1ADB3F751B1E5BA30002B466 /* SAEAddressViewController.m */ = {isa = PBXFileReference; fileEncoding = 4; lastKnownFileType = sourcecode.c.objc; path = SAEAddressViewController.m; sourceTree = "<group>"; };
		1ADBC4741B3209450038DD17 /* Untitled-1.png */ = {isa = PBXFileReference; lastKnownFileType = image.png; path = "Untitled-1.png"; sourceTree = "<group>"; };
		1ADBC4761B3216BC0038DD17 /* SAELocationManager.h */ = {isa = PBXFileReference; fileEncoding = 4; lastKnownFileType = sourcecode.c.h; path = SAELocationManager.h; sourceTree = "<group>"; };
		1ADBC4771B3216BC0038DD17 /* SAELocationManager.m */ = {isa = PBXFileReference; fileEncoding = 4; lastKnownFileType = sourcecode.c.objc; path = SAELocationManager.m; sourceTree = "<group>"; };
		1ADEBF2D1AAE5AA90054197C /* EditViewController.h */ = {isa = PBXFileReference; fileEncoding = 4; lastKnownFileType = sourcecode.c.h; path = EditViewController.h; sourceTree = "<group>"; };
		1ADEBF2E1AAE5AA90054197C /* EditViewController.m */ = {isa = PBXFileReference; fileEncoding = 4; lastKnownFileType = sourcecode.c.objc; path = EditViewController.m; sourceTree = "<group>"; };
		1ADEBF301AAF9F1C0054197C /* EditNextViewController.h */ = {isa = PBXFileReference; fileEncoding = 4; lastKnownFileType = sourcecode.c.h; path = EditNextViewController.h; sourceTree = "<group>"; };
		1ADEBF311AAF9F1C0054197C /* EditNextViewController.m */ = {isa = PBXFileReference; fileEncoding = 4; lastKnownFileType = sourcecode.c.objc; path = EditNextViewController.m; sourceTree = "<group>"; };
		1ADEBF331AB265480054197C /* SystemConfiguration.framework */ = {isa = PBXFileReference; lastKnownFileType = wrapper.framework; name = SystemConfiguration.framework; path = System/Library/Frameworks/SystemConfiguration.framework; sourceTree = SDKROOT; };
		1ADEBF351AB346880054197C /* ReachabilityManager.h */ = {isa = PBXFileReference; fileEncoding = 4; lastKnownFileType = sourcecode.c.h; path = ReachabilityManager.h; sourceTree = "<group>"; };
		1ADEBF361AB346880054197C /* ReachabilityManager.m */ = {isa = PBXFileReference; fileEncoding = 4; lastKnownFileType = sourcecode.c.objc; path = ReachabilityManager.m; sourceTree = "<group>"; };
		1AE1218C1B74B37B00BEC3C4 /* SAEFeedEvent.h */ = {isa = PBXFileReference; fileEncoding = 4; lastKnownFileType = sourcecode.c.h; path = SAEFeedEvent.h; sourceTree = "<group>"; };
		1AE1218D1B74B37B00BEC3C4 /* SAEFeedEvent.m */ = {isa = PBXFileReference; fileEncoding = 4; lastKnownFileType = sourcecode.c.objc; path = SAEFeedEvent.m; sourceTree = "<group>"; };
		1AFD3FB51A74ED9E00B2EABE /* AppDelegate.h */ = {isa = PBXFileReference; fileEncoding = 4; lastKnownFileType = sourcecode.c.h; path = AppDelegate.h; sourceTree = "<group>"; };
		1AFD3FB61A74ED9E00B2EABE /* AppDelegate.m */ = {isa = PBXFileReference; fileEncoding = 4; lastKnownFileType = sourcecode.c.objc; path = AppDelegate.m; sourceTree = "<group>"; };
		1AFD3FB91A74ED9E00B2EABE /* Base */ = {isa = PBXFileReference; lastKnownFileType = file.xib; name = Base; path = LaunchScreen.xib; sourceTree = "<group>"; };
		1AFD3FBE1A74ED9E00B2EABE /* Constants.h */ = {isa = PBXFileReference; fileEncoding = 4; lastKnownFileType = sourcecode.c.h; path = Constants.h; sourceTree = "<group>"; };
		1AFD3FBF1A74ED9E00B2EABE /* DateTimePicker.h */ = {isa = PBXFileReference; fileEncoding = 4; lastKnownFileType = sourcecode.c.h; path = DateTimePicker.h; sourceTree = "<group>"; };
		1AFD3FC01A74ED9E00B2EABE /* DateTimePicker.m */ = {isa = PBXFileReference; fileEncoding = 4; lastKnownFileType = sourcecode.c.objc; path = DateTimePicker.m; sourceTree = "<group>"; };
		1AFD3FC51A74ED9E00B2EABE /* en */ = {isa = PBXFileReference; lastKnownFileType = text.plist.strings; name = en; path = LaunchScreen.strings; sourceTree = "<group>"; };
		1AFD3FC61A74ED9E00B2EABE /* SAEFindTableCell.h */ = {isa = PBXFileReference; fileEncoding = 4; lastKnownFileType = sourcecode.c.h; path = SAEFindTableCell.h; sourceTree = "<group>"; };
		1AFD3FC71A74ED9E00B2EABE /* SAEFindTableCell.m */ = {isa = PBXFileReference; fileEncoding = 4; lastKnownFileType = sourcecode.c.objc; path = SAEFindTableCell.m; sourceTree = "<group>"; };
		1AFD3FC81A74ED9E00B2EABE /* SAEFindViewController.h */ = {isa = PBXFileReference; fileEncoding = 4; lastKnownFileType = sourcecode.c.h; path = SAEFindViewController.h; sourceTree = "<group>"; };
		1AFD3FC91A74ED9E00B2EABE /* SAEFindViewController.m */ = {isa = PBXFileReference; fileEncoding = 4; lastKnownFileType = sourcecode.c.objc; path = SAEFindViewController.m; sourceTree = "<group>"; };
		1AFD3FCA1A74ED9E00B2EABE /* Images.xcassets */ = {isa = PBXFileReference; lastKnownFileType = folder.assetcatalog; path = Images.xcassets; sourceTree = "<group>"; };
		1AFD3FCC1A74ED9E00B2EABE /* SAELoginViewController.h */ = {isa = PBXFileReference; fileEncoding = 4; lastKnownFileType = sourcecode.c.h; path = SAELoginViewController.h; sourceTree = "<group>"; };
		1AFD3FCD1A74ED9E00B2EABE /* SAELoginViewController.m */ = {isa = PBXFileReference; fileEncoding = 4; lastKnownFileType = sourcecode.c.objc; path = SAELoginViewController.m; sourceTree = "<group>"; };
		1AFD3FCF1A74ED9E00B2EABE /* SAEMapViewController.h */ = {isa = PBXFileReference; fileEncoding = 4; lastKnownFileType = sourcecode.c.h; path = SAEMapViewController.h; sourceTree = "<group>"; };
		1AFD3FD01A74ED9E00B2EABE /* SAEMapViewController.m */ = {isa = PBXFileReference; fileEncoding = 4; lastKnownFileType = sourcecode.c.objc; path = SAEMapViewController.m; sourceTree = "<group>"; };
		1AFD3FD51A74ED9E00B2EABE /* SAEMapMarker.h */ = {isa = PBXFileReference; fileEncoding = 4; lastKnownFileType = sourcecode.c.h; path = SAEMapMarker.h; sourceTree = "<group>"; };
		1AFD3FD61A74ED9E00B2EABE /* SAEMapMarker.m */ = {isa = PBXFileReference; fileEncoding = 4; lastKnownFileType = sourcecode.c.objc; path = SAEMapMarker.m; sourceTree = "<group>"; };
		1AFD3FD71A74ED9E00B2EABE /* ProfileViewController.h */ = {isa = PBXFileReference; fileEncoding = 4; lastKnownFileType = sourcecode.c.h; path = ProfileViewController.h; sourceTree = "<group>"; };
		1AFD3FD81A74ED9E00B2EABE /* ProfileViewController.m */ = {isa = PBXFileReference; fileEncoding = 4; lastKnownFileType = sourcecode.c.objc; path = ProfileViewController.m; sourceTree = "<group>"; };
		1AFD3FD91A74ED9E00B2EABE /* SAEThrowViewController.h */ = {isa = PBXFileReference; fileEncoding = 4; lastKnownFileType = sourcecode.c.h; path = SAEThrowViewController.h; sourceTree = "<group>"; };
		1AFD3FDA1A74ED9E00B2EABE /* SAEThrowViewController.m */ = {isa = PBXFileReference; fileEncoding = 4; lastKnownFileType = sourcecode.c.objc; path = SAEThrowViewController.m; sourceTree = "<group>"; };
		1AFD3FFD1A74EEC700B2EABE /* Base */ = {isa = PBXFileReference; lastKnownFileType = file.storyboard; name = Base; path = Main.storyboard; sourceTree = "<group>"; };
		1AFD40051A74F17000B2EABE /* CoreData.framework */ = {isa = PBXFileReference; lastKnownFileType = wrapper.framework; name = CoreData.framework; path = System/Library/Frameworks/CoreData.framework; sourceTree = SDKROOT; };
		1AFD40131A74F19300B2EABE /* ImageIO.framework */ = {isa = PBXFileReference; lastKnownFileType = wrapper.framework; name = ImageIO.framework; path = System/Library/Frameworks/ImageIO.framework; sourceTree = SDKROOT; };
		1AFD40151A74F1A300B2EABE /* libc++.dylib */ = {isa = PBXFileReference; lastKnownFileType = "compiled.mach-o.dylib"; name = "libc++.dylib"; path = "usr/lib/libc++.dylib"; sourceTree = SDKROOT; };
		1AFD40171A74F1B200B2EABE /* libicucore.dylib */ = {isa = PBXFileReference; lastKnownFileType = "compiled.mach-o.dylib"; name = libicucore.dylib; path = usr/lib/libicucore.dylib; sourceTree = SDKROOT; };
		1AFD40191A74F1BB00B2EABE /* libz.dylib */ = {isa = PBXFileReference; lastKnownFileType = "compiled.mach-o.dylib"; name = libz.dylib; path = usr/lib/libz.dylib; sourceTree = SDKROOT; };
		1AFD402E1A74F26700B2EABE /* libsqlite3.dylib */ = {isa = PBXFileReference; lastKnownFileType = "compiled.mach-o.dylib"; name = libsqlite3.dylib; path = usr/lib/libsqlite3.dylib; sourceTree = SDKROOT; };
		1AFD40371A74F89100B2EABE /* Social.framework */ = {isa = PBXFileReference; lastKnownFileType = wrapper.framework; name = Social.framework; path = System/Library/Frameworks/Social.framework; sourceTree = SDKROOT; };
		1AFD40391A74F89600B2EABE /* Accounts.framework */ = {isa = PBXFileReference; lastKnownFileType = wrapper.framework; name = Accounts.framework; path = System/Library/Frameworks/Accounts.framework; sourceTree = SDKROOT; };
		1AFD403B1A74F94900B2EABE /* Info.plist */ = {isa = PBXFileReference; lastKnownFileType = text.plist.xml; path = Info.plist; sourceTree = "<group>"; };
		1AFD40471A751F2200B2EABE /* MBProgressHUD.h */ = {isa = PBXFileReference; fileEncoding = 4; lastKnownFileType = sourcecode.c.h; path = MBProgressHUD.h; sourceTree = "<group>"; };
		1AFD40481A751F2200B2EABE /* MBProgressHUD.m */ = {isa = PBXFileReference; fileEncoding = 4; lastKnownFileType = sourcecode.c.objc; path = MBProgressHUD.m; sourceTree = "<group>"; };
		75F6F5BBAA2AAD5381FEB163 /* Pods-turnip.release.xcconfig */ = {isa = PBXFileReference; includeInIndex = 1; lastKnownFileType = text.xcconfig; name = "Pods-turnip.release.xcconfig"; path = "Pods/Target Support Files/Pods-turnip/Pods-turnip.release.xcconfig"; sourceTree = "<group>"; };
		D397F68C3BE458359F6CA901 /* libPods-turnip.a */ = {isa = PBXFileReference; explicitFileType = archive.ar; includeInIndex = 0; path = "libPods-turnip.a"; sourceTree = BUILT_PRODUCTS_DIR; };
/* End PBXFileReference section */

/* Begin PBXFrameworksBuildPhase section */
		1AA179EB1A74E3D30061CA3E /* Frameworks */ = {
			isa = PBXFrameworksBuildPhase;
			buildActionMask = 2147483647;
			files = (
				1A2AA2BA1AFF3BA6007010E9 /* Accelerate.framework in Frameworks */,
				1AFD403A1A74F89600B2EABE /* Accounts.framework in Frameworks */,
				1AFD40381A74F89100B2EABE /* Social.framework in Frameworks */,
				1AFD402F1A74F26700B2EABE /* libsqlite3.dylib in Frameworks */,
				1AFD401A1A74F1BB00B2EABE /* libz.dylib in Frameworks */,
				1AFD40181A74F1B200B2EABE /* libicucore.dylib in Frameworks */,
				1AFD40161A74F1A300B2EABE /* libc++.dylib in Frameworks */,
				1AFD40141A74F19300B2EABE /* ImageIO.framework in Frameworks */,
				1AFD400A1A74F17000B2EABE /* CoreData.framework in Frameworks */,
				AB78C0845A009A5F3A9EF209 /* libPods-turnip.a in Frameworks */,
			);
			runOnlyForDeploymentPostprocessing = 0;
		};
		1AA17A071A74E3D30061CA3E /* Frameworks */ = {
			isa = PBXFrameworksBuildPhase;
			buildActionMask = 2147483647;
			files = (
			);
			runOnlyForDeploymentPostprocessing = 0;
		};
/* End PBXFrameworksBuildPhase section */

/* Begin PBXGroup section */
		0A71C10D689B16D76B89C7A0 /* Pods */ = {
			isa = PBXGroup;
			children = (
				128F4766B166E2108280E1E6 /* Pods-turnip.debug.xcconfig */,
				75F6F5BBAA2AAD5381FEB163 /* Pods-turnip.release.xcconfig */,
			);
			name = Pods;
			sourceTree = "<group>";
		};
		1A2AA2C51B01DF74007010E9 /* Map */ = {
			isa = PBXGroup;
			children = (
				1AFD3FCF1A74ED9E00B2EABE /* SAEMapViewController.h */,
				1AFD3FD01A74ED9E00B2EABE /* SAEMapViewController.m */,
				1AFD3FD51A74ED9E00B2EABE /* SAEMapMarker.h */,
				1AFD3FD61A74ED9E00B2EABE /* SAEMapMarker.m */,
			);
			name = Map;
			sourceTree = "<group>";
		};
		1A2AA2C61B01DFA1007010E9 /* Message */ = {
			isa = PBXGroup;
			children = (
				1A9FD9CF1AB6BEAF000BF15C /* SAEMessagingViewController.h */,
				1A9FD9D01AB6BEAF000BF15C /* SAEMessagingViewController.m */,
				1AA0668D1AC1045B008A5A11 /* SAEConversationViewController.h */,
				1AA0668E1AC1045B008A5A11 /* SAEConversationViewController.m */,
				1AA066901AC3D0A7008A5A11 /* SAEConversationTableViewCell.h */,
				1AA066911AC3D0A7008A5A11 /* SAEConversationTableViewCell.m */,
			);
			name = Message;
			sourceTree = "<group>";
		};
		1A2AA2C71B01DFB8007010E9 /* Profile */ = {
			isa = PBXGroup;
			children = (
				1A9F1DAB1AE0FD0200CC4E6A /* ShareViewController.h */,
				1A9F1DAC1AE0FD0200CC4E6A /* ShareViewController.m */,
				1AFD3FD71A74ED9E00B2EABE /* ProfileViewController.h */,
				1AFD3FD81A74ED9E00B2EABE /* ProfileViewController.m */,
				1AA011971AD1E4ED003E7B76 /* ProfileImageCollectionViewController.h */,
				1AA011981AD1E4ED003E7B76 /* ProfileImageCollectionViewController.m */,
				1AA0119A1AD22906003E7B76 /* profileAlbumCollectionViewCell.h */,
				1AA0119B1AD22906003E7B76 /* profileAlbumCollectionViewCell.m */,
				1A54AEC01AA67826004F55B4 /* SidebarTableViewController.h */,
				1A54AEC11AA67826004F55B4 /* SidebarTableViewController.m */,
				1A9FD9D21AB6DAB2000BF15C /* ToSViewController.h */,
				1A9FD9D31AB6DAB2000BF15C /* ToSViewController.m */,
				1A4CB8F01B6FF1C10045BA7A /* Rating */,
			);
			name = Profile;
			sourceTree = "<group>";
		};
		1A2AA2C81B01DFC8007010E9 /* Notification */ = {
			isa = PBXGroup;
			children = (
				1A9AE4D71A80C2D700AADDAA /* RequestViewController.h */,
				1A9AE4D81A80C2D700AADDAA /* RequestViewController.m */,
				1ABABC191A839BFB00C0A617 /* NotificationViewController.h */,
				1ABABC1A1A839BFB00C0A617 /* NotificationViewController.m */,
				1A1B32171AA05E090096F2DF /* NotificationTableViewCell.h */,
				1A1B32181AA05E090096F2DF /* NotificationTableViewCell.m */,
			);
			name = Notification;
			sourceTree = "<group>";
		};
		1A2AA2C91B01E010007010E9 /* Details */ = {
			isa = PBXGroup;
			children = (
				1AA68CFA1AE71D28005A9D09 /* SAEHostDetailsViewController.h */,
				1AA68CFB1AE71D28005A9D09 /* SAEHostDetailsViewController.m */,
				1AA469E11AE9B03400D5BA08 /* SAEEventDetailsViewController.h */,
				1AA469E21AE9B03400D5BA08 /* SAEEventDetailsViewController.m */,
			);
			name = Details;
			sourceTree = "<group>";
		};
		1A2AA2CA1B01E07A007010E9 /* Host */ = {
			isa = PBXGroup;
			children = (
				1A2AA2D31B05522F007010E9 /* Scanner */,
				1A2AA2D21B055222007010E9 /* Teammate */,
				1A2AA2D41B055237007010E9 /* Edit */,
				1AFD3FD91A74ED9E00B2EABE /* SAEThrowViewController.h */,
				1AFD3FDA1A74ED9E00B2EABE /* SAEThrowViewController.m */,
				1A5241A91A9AF6EE008E2B72 /* SAEThrowNextViewController.h */,
				1A5241AA1A9AF6EE008E2B72 /* SAEThrowNextViewController.m */,
				1ADB3F741B1E5BA30002B466 /* SAEAddressViewController.h */,
				1ADB3F751B1E5BA30002B466 /* SAEAddressViewController.m */,
			);
			name = Host;
			sourceTree = "<group>";
		};
		1A2AA2CB1B01E0A9007010E9 /* Find */ = {
			isa = PBXGroup;
			children = (
				1AFD3FC61A74ED9E00B2EABE /* SAEFindTableCell.h */,
				1AFD3FC71A74ED9E00B2EABE /* SAEFindTableCell.m */,
				1AFD3FC81A74ED9E00B2EABE /* SAEFindViewController.h */,
				1AFD3FC91A74ED9E00B2EABE /* SAEFindViewController.m */,
			);
			name = Find;
			sourceTree = "<group>";
		};
		1A2AA2CD1B01E0D2007010E9 /* Login */ = {
			isa = PBXGroup;
			children = (
				1AFD3FCC1A74ED9E00B2EABE /* SAELoginViewController.h */,
				1AFD3FCD1A74ED9E00B2EABE /* SAELoginViewController.m */,
				1AD8BA101AC5C3610018C383 /* SAEAcceptToSViewController.h */,
				1AD8BA111AC5C3610018C383 /* SAEAcceptToSViewController.m */,
				1AD082E91B13C08A00D0B0F0 /* SAEBirthdayViewController.h */,
				1AD082EA1B13C08A00D0B0F0 /* SAEBirthdayViewController.m */,
			);
			name = Login;
			sourceTree = "<group>";
		};
		1A2AA2CE1B01E0DA007010E9 /* Ticket */ = {
			isa = PBXGroup;
			children = (
				1ABABC1C1A860CD100C0A617 /* SAETicketViewController.h */,
				1ABABC1D1A860CD100C0A617 /* SAETicketViewController.m */,
			);
			name = Ticket;
			sourceTree = "<group>";
		};
		1A2AA2D11B048D0E007010E9 /* Utils */ = {
			isa = PBXGroup;
			children = (
				1AFD3FBE1A74ED9E00B2EABE /* Constants.h */,
				1ADB35971AF976EA0075984F /* ParseErrorHandlingController.h */,
				1ADB35981AF976EA0075984F /* ParseErrorHandlingController.m */,
				1ADB359D1AFA7ED60075984F /* SAETabBarViewController.h */,
				1A1B32151A9E76490096F2DF /* SAETabBarViewController.m */,
				1AFD3FBF1A74ED9E00B2EABE /* DateTimePicker.h */,
				1AFD3FC01A74ED9E00B2EABE /* DateTimePicker.m */,
				1A2AA2BE1AFF3BE3007010E9 /* FXBlurView.h */,
				1A2AA2BF1AFF3BE3007010E9 /* FXBlurView.m */,
				1ADB359A1AF9804D0075984F /* SWRevealViewController.h */,
				1ADB359B1AF9804D0075984F /* SWRevealViewController.m */,
				1AFD40471A751F2200B2EABE /* MBProgressHUD.h */,
				1AFD40481A751F2200B2EABE /* MBProgressHUD.m */,
				1ADEBF351AB346880054197C /* ReachabilityManager.h */,
				1ADEBF361AB346880054197C /* ReachabilityManager.m */,
				1AD082EC1B1AF68000D0B0F0 /* SAEUtilityFunctions.h */,
				1AD082ED1B1AF68000D0B0F0 /* SAEUtilityFunctions.m */,
				1ADBC4761B3216BC0038DD17 /* SAELocationManager.h */,
				1ADBC4771B3216BC0038DD17 /* SAELocationManager.m */,
			);
			name = Utils;
			sourceTree = "<group>";
		};
		1A2AA2D21B055222007010E9 /* Teammate */ = {
			isa = PBXGroup;
			children = (
				1A9D0D311A9D25020082550C /* TeammateViewController.h */,
				1A9D0D321A9D25020082550C /* TeammateViewController.m */,
				1A9D0D341A9DC7780082550C /* TeammateTableViewCell.h */,
				1A9D0D351A9DC7780082550C /* TeammateTableViewCell.m */,
			);
			name = Teammate;
			sourceTree = "<group>";
		};
		1A2AA2D31B05522F007010E9 /* Scanner */ = {
			isa = PBXGroup;
			children = (
				1A54AEC31AA67836004F55B4 /* ScannerViewController.h */,
				1A54AEC41AA67836004F55B4 /* ScannerViewController.m */,
				1A28E2241A8EF46B00067C9C /* ScannerShapeView.h */,
				1A28E2251A8EF46B00067C9C /* ScannerShapeView.m */,
			);
			name = Scanner;
			sourceTree = "<group>";
		};
		1A2AA2D41B055237007010E9 /* Edit */ = {
			isa = PBXGroup;
			children = (
				1ADEBF2D1AAE5AA90054197C /* EditViewController.h */,
				1ADEBF2E1AAE5AA90054197C /* EditViewController.m */,
				1ADEBF301AAF9F1C0054197C /* EditNextViewController.h */,
				1ADEBF311AAF9F1C0054197C /* EditNextViewController.m */,
			);
			name = Edit;
			sourceTree = "<group>";
		};
		1A4CB8F01B6FF1C10045BA7A /* Rating */ = {
			isa = PBXGroup;
			children = (
				1A0EA3B61B5896DE0021EDB0 /* SAERatingViewController.h */,
				1A0EA3B71B5896DE0021EDB0 /* SAERatingViewController.m */,
				1A0EA3B91B58BFF00021EDB0 /* SAERatingViewCell.h */,
				1A0EA3BA1B58BFF00021EDB0 /* SAERatingViewCell.m */,
			);
			name = Rating;
			sourceTree = "<group>";
		};
		1A4CB8F11B70DDBE0045BA7A /* EventFeed */ = {
			isa = PBXGroup;
			children = (
				1A4CB8F51B70DE310045BA7A /* SAEEventFeedViewCell.h */,
				1A4CB8F61B70DE310045BA7A /* SAEEventFeedViewCell.m */,
				1A4CB8F81B70DE5B0045BA7A /* SAEEventFeedViewController.h */,
				1A4CB8F91B70DE5B0045BA7A /* SAEEventFeedViewController.m */,
				1AE1218C1B74B37B00BEC3C4 /* SAEFeedEvent.h */,
				1AE1218D1B74B37B00BEC3C4 /* SAEFeedEvent.m */,
			);
			name = EventFeed;
			sourceTree = "<group>";
		};
		1AA179E51A74E3D30061CA3E = {
			isa = PBXGroup;
			children = (
				1AFD40301A74F2D600B2EABE /* Frameworks */,
				1AA179F01A74E3D30061CA3E /* turnip */,
				1AA17A0D1A74E3D30061CA3E /* turnipTests */,
				1AA179EF1A74E3D30061CA3E /* Products */,
				0A71C10D689B16D76B89C7A0 /* Pods */,
			);
			sourceTree = "<group>";
		};
		1AA179EF1A74E3D30061CA3E /* Products */ = {
			isa = PBXGroup;
			children = (
				1AA179EE1A74E3D30061CA3E /* turnip.app */,
				1AA17A0A1A74E3D30061CA3E /* turnipTests.xctest */,
			);
			name = Products;
			sourceTree = "<group>";
		};
		1AA179F01A74E3D30061CA3E /* turnip */ = {
			isa = PBXGroup;
			children = (
				1AFD3FF01A74EDA200B2EABE /* Resources */,
				1AFD3FC31A74ED9E00B2EABE /* en.lproj */,
				1AFD3FB71A74ED9E00B2EABE /* Base.lproj */,
				1AFD3FB51A74ED9E00B2EABE /* AppDelegate.h */,
				1AFD3FB61A74ED9E00B2EABE /* AppDelegate.m */,
				1A4CB8F11B70DDBE0045BA7A /* EventFeed */,
				1A2AA2C91B01E010007010E9 /* Details */,
				1A2AA2C61B01DFA1007010E9 /* Message */,
				1A2AA2CB1B01E0A9007010E9 /* Find */,
				1A2AA2CD1B01E0D2007010E9 /* Login */,
				1A2AA2CE1B01E0DA007010E9 /* Ticket */,
				1A2AA2C51B01DF74007010E9 /* Map */,
				1A2AA2C71B01DFB8007010E9 /* Profile */,
				1A2AA2CA1B01E07A007010E9 /* Host */,
				1A2AA2C81B01DFC8007010E9 /* Notification */,
				1A2AA2D11B048D0E007010E9 /* Utils */,
				1AFD3FCA1A74ED9E00B2EABE /* Images.xcassets */,
				1AA179F11A74E3D30061CA3E /* Supporting Files */,
			);
			path = turnip;
			sourceTree = "<group>";
		};
		1AA179F11A74E3D30061CA3E /* Supporting Files */ = {
			isa = PBXGroup;
			children = (
				1A9AE4CD1A7F787F00AADDAA /* TurnipDataModel.xcdatamodeld */,
				1AFD403B1A74F94900B2EABE /* Info.plist */,
				1AA179F31A74E3D30061CA3E /* main.m */,
			);
			name = "Supporting Files";
			sourceTree = "<group>";
		};
		1AA17A0D1A74E3D30061CA3E /* turnipTests */ = {
			isa = PBXGroup;
			children = (
				1AA17A101A74E3D30061CA3E /* turnipTests.m */,
				1AA17A0E1A74E3D30061CA3E /* Supporting Files */,
			);
			path = turnipTests;
			sourceTree = "<group>";
		};
		1AA17A0E1A74E3D30061CA3E /* Supporting Files */ = {
			isa = PBXGroup;
			children = (
				1AA17A0F1A74E3D30061CA3E /* Info.plist */,
			);
			name = "Supporting Files";
			sourceTree = "<group>";
		};
		1AFD3FB71A74ED9E00B2EABE /* Base.lproj */ = {
			isa = PBXGroup;
			children = (
				1AFD3FFC1A74EEC700B2EABE /* Main.storyboard */,
				1AFD3FB81A74ED9E00B2EABE /* LaunchScreen.xib */,
			);
			path = Base.lproj;
			sourceTree = "<group>";
		};
		1AFD3FC31A74ED9E00B2EABE /* en.lproj */ = {
			isa = PBXGroup;
			children = (
				1AFD3FC41A74ED9E00B2EABE /* LaunchScreen.strings */,
			);
			path = en.lproj;
			sourceTree = "<group>";
		};
		1AFD3FF01A74EDA200B2EABE /* Resources */ = {
			isa = PBXGroup;
			children = (
				1A2AA2E01B0B3AE5007010E9 /* PUBLIC.png */,
				1ADB359E1AFD85880075984F /* logo.png */,
				1A8A84881AF718BA002A75AF /* delete.png */,
				1A8A84891AF718BA002A75AF /* edit.png */,
				1A8A848A1AF718BA002A75AF /* scanner.png */,
				1A8A84861AF718AC002A75AF /* add.png */,
				1A9F1DA31ADEF95F00CC4E6A /* ex.png */,
				1A2AA2E21B0B3AF5007010E9 /* PRIVATE.png */,
				1A9F1DB01AE32DDF00CC4E6A /* message.png */,
				1A9F1DB11AE32DDF00CC4E6A /* request.png */,
				1A9F1DB21AE32DDF00CC4E6A /* request2.png */,
				1A9F1DAE1AE32DD100CC4E6A /* go.png */,
				1A9E371C1AEE231D000802C3 /* arrow.png */,
				1ADBC4741B3209450038DD17 /* Untitled-1.png */,
				1ADB35A61AFEAD8F0075984F /* turnip.png */,
				1A9FD9CD1AB3D992000BF15C /* LemonMilk.otf */,
				1A8A84841AF489E9002A75AF /* qrcircle.png */,
				1A4CB8FB1B70EA3B0045BA7A /* down.png */,
				1A4CB8FD1B7202C50045BA7A /* up.png */,
				1A2AA2CF1B0315BC007010E9 /* unattend.png */,
				1A2AA2AC1AFF192D007010E9 /* camera placeholder.png */,
				1A8626251A7B15B400AF63B9 /* ZW4QC.png */,
			);
			name = Resources;
			sourceTree = "<group>";
		};
		1AFD40301A74F2D600B2EABE /* Frameworks */ = {
			isa = PBXGroup;
			children = (
				1A2AA2B91AFF3BA6007010E9 /* Accelerate.framework */,
				1ADEBF331AB265480054197C /* SystemConfiguration.framework */,
				1AFD40391A74F89600B2EABE /* Accounts.framework */,
				1AFD40371A74F89100B2EABE /* Social.framework */,
				1AFD402E1A74F26700B2EABE /* libsqlite3.dylib */,
				1AFD40191A74F1BB00B2EABE /* libz.dylib */,
				1AFD40171A74F1B200B2EABE /* libicucore.dylib */,
				1AFD40151A74F1A300B2EABE /* libc++.dylib */,
				1AFD40131A74F19300B2EABE /* ImageIO.framework */,
				1AFD40051A74F17000B2EABE /* CoreData.framework */,
				D397F68C3BE458359F6CA901 /* libPods-turnip.a */,
			);
			name = Frameworks;
			sourceTree = "<group>";
		};
/* End PBXGroup section */

/* Begin PBXNativeTarget section */
		1AA179ED1A74E3D30061CA3E /* turnip */ = {
			isa = PBXNativeTarget;
			buildConfigurationList = 1AA17A141A74E3D30061CA3E /* Build configuration list for PBXNativeTarget "turnip" */;
			buildPhases = (
				F21C08E645DACD6C5FD35BBB /* Check Pods Manifest.lock */,
				1AA179EA1A74E3D30061CA3E /* Sources */,
				1AA179EB1A74E3D30061CA3E /* Frameworks */,
				1AA179EC1A74E3D30061CA3E /* Resources */,
				B030D2EC6D371AC3CA18D9DE /* Copy Pods Resources */,
				1A54AEC61AA678E5004F55B4 /* ShellScript */,
			);
			buildRules = (
			);
			dependencies = (
			);
			name = turnip;
			productName = turnip;
			productReference = 1AA179EE1A74E3D30061CA3E /* turnip.app */;
			productType = "com.apple.product-type.application";
		};
		1AA17A091A74E3D30061CA3E /* turnipTests */ = {
			isa = PBXNativeTarget;
			buildConfigurationList = 1AA17A171A74E3D30061CA3E /* Build configuration list for PBXNativeTarget "turnipTests" */;
			buildPhases = (
				1AA17A061A74E3D30061CA3E /* Sources */,
				1AA17A071A74E3D30061CA3E /* Frameworks */,
				1AA17A081A74E3D30061CA3E /* Resources */,
			);
			buildRules = (
			);
			dependencies = (
				1AA17A0C1A74E3D30061CA3E /* PBXTargetDependency */,
			);
			name = turnipTests;
			productName = turnipTests;
			productReference = 1AA17A0A1A74E3D30061CA3E /* turnipTests.xctest */;
			productType = "com.apple.product-type.bundle.unit-test";
		};
/* End PBXNativeTarget section */

/* Begin PBXProject section */
		1AA179E61A74E3D30061CA3E /* Project object */ = {
			isa = PBXProject;
			attributes = {
				CLASSPREFIX = SAE;
				LastUpgradeCheck = 0610;
				ORGANIZATIONNAME = "Stupidest App Ever";
				TargetAttributes = {
					1AA179ED1A74E3D30061CA3E = {
						CreatedOnToolsVersion = 6.1.1;
						DevelopmentTeam = RM38WFLZE6;
						SystemCapabilities = {
							com.apple.InAppPurchase = {
								enabled = 0;
							};
						};
					};
					1AA17A091A74E3D30061CA3E = {
						CreatedOnToolsVersion = 6.1.1;
						TestTargetID = 1AA179ED1A74E3D30061CA3E;
					};
				};
			};
			buildConfigurationList = 1AA179E91A74E3D30061CA3E /* Build configuration list for PBXProject "turnip" */;
			compatibilityVersion = "Xcode 3.2";
			developmentRegion = English;
			hasScannedForEncodings = 0;
			knownRegions = (
				en,
				Base,
			);
			mainGroup = 1AA179E51A74E3D30061CA3E;
			productRefGroup = 1AA179EF1A74E3D30061CA3E /* Products */;
			projectDirPath = "";
			projectRoot = "";
			targets = (
				1AA179ED1A74E3D30061CA3E /* turnip */,
				1AA17A091A74E3D30061CA3E /* turnipTests */,
			);
		};
/* End PBXProject section */

/* Begin PBXResourcesBuildPhase section */
		1AA179EC1A74E3D30061CA3E /* Resources */ = {
			isa = PBXResourcesBuildPhase;
			buildActionMask = 2147483647;
			files = (
				1A4CB8FE1B7202C50045BA7A /* up.png in Resources */,
				1A4CB8FC1B70EA3B0045BA7A /* down.png in Resources */,
				1ADBC4751B3209450038DD17 /* Untitled-1.png in Resources */,
				1A9FD9CE1AB3D9C1000BF15C /* LemonMilk.otf in Resources */,
				1AFD3FFE1A74EEC700B2EABE /* Main.storyboard in Resources */,
				1A9F1DB31AE32DDF00CC4E6A /* message.png in Resources */,
				1ADB35A71AFEAD8F0075984F /* turnip.png in Resources */,
				1A2AA2E11B0B3AE5007010E9 /* PUBLIC.png in Resources */,
				1A8A84871AF718AC002A75AF /* add.png in Resources */,
				1A2AA2D01B0315BC007010E9 /* unattend.png in Resources */,
				1AFD3FE31A74ED9E00B2EABE /* LaunchScreen.strings in Resources */,
				1AFD3FE61A74ED9E00B2EABE /* Images.xcassets in Resources */,
				1A2AA2AD1AFF192D007010E9 /* camera placeholder.png in Resources */,
				1A9E371D1AEE231D000802C3 /* arrow.png in Resources */,
				1A8626271A7B15B400AF63B9 /* ZW4QC.png in Resources */,
				1A9F1DAF1AE32DD100CC4E6A /* go.png in Resources */,
				1A9F1DB41AE32DDF00CC4E6A /* request.png in Resources */,
				1A8A848C1AF718BA002A75AF /* edit.png in Resources */,
				1A8A848D1AF718BA002A75AF /* scanner.png in Resources */,
				1A9F1DB51AE32DDF00CC4E6A /* request2.png in Resources */,
				1A8A848B1AF718BA002A75AF /* delete.png in Resources */,
				1A9F1DA41ADEF95F00CC4E6A /* ex.png in Resources */,
				1ADB359F1AFD85880075984F /* logo.png in Resources */,
				1A2AA2E31B0B3AF5007010E9 /* PRIVATE.png in Resources */,
				1A8A84851AF489E9002A75AF /* qrcircle.png in Resources */,
				1AFD3FDC1A74ED9E00B2EABE /* LaunchScreen.xib in Resources */,
			);
			runOnlyForDeploymentPostprocessing = 0;
		};
		1AA17A081A74E3D30061CA3E /* Resources */ = {
			isa = PBXResourcesBuildPhase;
			buildActionMask = 2147483647;
			files = (
			);
			runOnlyForDeploymentPostprocessing = 0;
		};
/* End PBXResourcesBuildPhase section */

/* Begin PBXShellScriptBuildPhase section */
		1A54AEC61AA678E5004F55B4 /* ShellScript */ = {
			isa = PBXShellScriptBuildPhase;
			buildActionMask = 2147483647;
			files = (
			);
			inputPaths = (
			);
			outputPaths = (
			);
			runOnlyForDeploymentPostprocessing = 0;
			shellPath = /bin/sh;
			shellScript = "export PATH=/usr/local/bin:$PATH\ncd /Users/Mongo/Documents/turnip/turnip/parse\n\nparse symbols Turnip --path=\"${DWARF_DSYM_FOLDER_PATH}/${DWARF_DSYM_FILE_NAME}\"";
		};
		B030D2EC6D371AC3CA18D9DE /* Copy Pods Resources */ = {
			isa = PBXShellScriptBuildPhase;
			buildActionMask = 2147483647;
			files = (
			);
			inputPaths = (
			);
			name = "Copy Pods Resources";
			outputPaths = (
			);
			runOnlyForDeploymentPostprocessing = 0;
			shellPath = /bin/sh;
			shellScript = "\"${SRCROOT}/Pods/Target Support Files/Pods-turnip/Pods-turnip-resources.sh\"\n";
			showEnvVarsInLog = 0;
		};
		F21C08E645DACD6C5FD35BBB /* Check Pods Manifest.lock */ = {
			isa = PBXShellScriptBuildPhase;
			buildActionMask = 2147483647;
			files = (
			);
			inputPaths = (
			);
			name = "Check Pods Manifest.lock";
			outputPaths = (
			);
			runOnlyForDeploymentPostprocessing = 0;
			shellPath = /bin/sh;
			shellScript = "diff \"${PODS_ROOT}/../Podfile.lock\" \"${PODS_ROOT}/Manifest.lock\" > /dev/null\nif [[ $? != 0 ]] ; then\n    cat << EOM\nerror: The sandbox is not in sync with the Podfile.lock. Run 'pod install' or update your CocoaPods installation.\nEOM\n    exit 1\nfi\n";
			showEnvVarsInLog = 0;
		};
/* End PBXShellScriptBuildPhase section */

/* Begin PBXSourcesBuildPhase section */
		1AA179EA1A74E3D30061CA3E /* Sources */ = {
			isa = PBXSourcesBuildPhase;
			buildActionMask = 2147483647;
			files = (
				1A1B32191AA05E090096F2DF /* NotificationTableViewCell.m in Sources */,
				1ADB359C1AF9804D0075984F /* SWRevealViewController.m in Sources */,
				1ADB35991AF976EA0075984F /* ParseErrorHandlingController.m in Sources */,
				1A9FD9D41AB6DAB2000BF15C /* ToSViewController.m in Sources */,
				1ADBC4781B3216BC0038DD17 /* SAELocationManager.m in Sources */,
				1ADEBF321AAF9F1C0054197C /* EditNextViewController.m in Sources */,
				1A0EA3BB1B58BFF00021EDB0 /* SAERatingViewCell.m in Sources */,
				1AD082EB1B13C08B00D0B0F0 /* SAEBirthdayViewController.m in Sources */,
				1AFD3FDB1A74ED9E00B2EABE /* AppDelegate.m in Sources */,
				1AA179F41A74E3D30061CA3E /* main.m in Sources */,
				1A0EA3B81B5896DE0021EDB0 /* SAERatingViewController.m in Sources */,
				1AA011991AD1E4ED003E7B76 /* ProfileImageCollectionViewController.m in Sources */,
				1AA0668F1AC1045B008A5A11 /* SAEConversationViewController.m in Sources */,
				1ADEBF2F1AAE5AA90054197C /* EditViewController.m in Sources */,
				1A9D0D331A9D25020082550C /* TeammateViewController.m in Sources */,
				1A9F1DAD1AE0FD0200CC4E6A /* ShareViewController.m in Sources */,
				1AFD3FE41A74ED9E00B2EABE /* SAEFindTableCell.m in Sources */,
				1AA066921AC3D0A7008A5A11 /* SAEConversationTableViewCell.m in Sources */,
				1AA0119C1AD22906003E7B76 /* profileAlbumCollectionViewCell.m in Sources */,
				1ADEBF371AB346880054197C /* ReachabilityManager.m in Sources */,
				1A5241AB1A9AF6EE008E2B72 /* SAEThrowNextViewController.m in Sources */,
				1A4CB8FA1B70DE5B0045BA7A /* SAEEventFeedViewController.m in Sources */,
				1A9D0D361A9DC7780082550C /* TeammateTableViewCell.m in Sources */,
				1A9AE4D91A80C2D700AADDAA /* RequestViewController.m in Sources */,
				1AE1218E1B74B38100BEC3C4 /* SAEFeedEvent.m in Sources */,
				1AFD3FEA1A74ED9E00B2EABE /* SAEMapViewController.m in Sources */,
				1A4CB8F71B70DE310045BA7A /* SAEEventFeedViewCell.m in Sources */,
				1AFD3FE51A74ED9E00B2EABE /* SAEFindViewController.m in Sources */,
				1A28E2261A8EF46B00067C9C /* ScannerShapeView.m in Sources */,
				1ADB3F761B1E5BA30002B466 /* SAEAddressViewController.m in Sources */,
				1AFD3FED1A74ED9E00B2EABE /* SAEMapMarker.m in Sources */,
				1A9FD9D11AB6BEAF000BF15C /* SAEMessagingViewController.m in Sources */,
				1ABABC1B1A839BFB00C0A617 /* NotificationViewController.m in Sources */,
				1AFD3FE81A74ED9E00B2EABE /* SAELoginViewController.m in Sources */,
				1AFD3FE11A74ED9E00B2EABE /* DateTimePicker.m in Sources */,
				1A9AE4CF1A7F787F00AADDAA /* TurnipDataModel.xcdatamodeld in Sources */,
				1A54AEC21AA67826004F55B4 /* SidebarTableViewController.m in Sources */,
				1A2AA2C01AFF3BE3007010E9 /* FXBlurView.m in Sources */,
				1A1B32161A9E76490096F2DF /* SAETabBarViewController.m in Sources */,
				1AFD40491A751F2200B2EABE /* MBProgressHUD.m in Sources */,
				1AA68CFC1AE71D28005A9D09 /* SAEHostDetailsViewController.m in Sources */,
				1A54AEC51AA67836004F55B4 /* ScannerViewController.m in Sources */,
				1ABABC1E1A860CD100C0A617 /* SAETicketViewController.m in Sources */,
				1AFD3FEE1A74ED9E00B2EABE /* ProfileViewController.m in Sources */,
				1AD8BA121AC5C3610018C383 /* SAEAcceptToSViewController.m in Sources */,
				1AD082EE1B1AF68000D0B0F0 /* SAEUtilityFunctions.m in Sources */,
				1AA469E31AE9B03400D5BA08 /* SAEEventDetailsViewController.m in Sources */,
				1AFD3FEF1A74ED9E00B2EABE /* SAEThrowViewController.m in Sources */,
			);
			runOnlyForDeploymentPostprocessing = 0;
		};
		1AA17A061A74E3D30061CA3E /* Sources */ = {
			isa = PBXSourcesBuildPhase;
			buildActionMask = 2147483647;
			files = (
				1AA17A111A74E3D30061CA3E /* turnipTests.m in Sources */,
			);
			runOnlyForDeploymentPostprocessing = 0;
		};
/* End PBXSourcesBuildPhase section */

/* Begin PBXTargetDependency section */
		1AA17A0C1A74E3D30061CA3E /* PBXTargetDependency */ = {
			isa = PBXTargetDependency;
			target = 1AA179ED1A74E3D30061CA3E /* turnip */;
			targetProxy = 1AA17A0B1A74E3D30061CA3E /* PBXContainerItemProxy */;
		};
/* End PBXTargetDependency section */

/* Begin PBXVariantGroup section */
		1AFD3FB81A74ED9E00B2EABE /* LaunchScreen.xib */ = {
			isa = PBXVariantGroup;
			children = (
				1AFD3FB91A74ED9E00B2EABE /* Base */,
			);
			name = LaunchScreen.xib;
			sourceTree = "<group>";
		};
		1AFD3FC41A74ED9E00B2EABE /* LaunchScreen.strings */ = {
			isa = PBXVariantGroup;
			children = (
				1AFD3FC51A74ED9E00B2EABE /* en */,
			);
			name = LaunchScreen.strings;
			sourceTree = "<group>";
		};
		1AFD3FFC1A74EEC700B2EABE /* Main.storyboard */ = {
			isa = PBXVariantGroup;
			children = (
				1AFD3FFD1A74EEC700B2EABE /* Base */,
			);
			name = Main.storyboard;
			sourceTree = "<group>";
		};
/* End PBXVariantGroup section */

/* Begin XCBuildConfiguration section */
		1AA17A121A74E3D30061CA3E /* Debug */ = {
			isa = XCBuildConfiguration;
			buildSettings = {
				ALWAYS_SEARCH_USER_PATHS = NO;
				CLANG_CXX_LANGUAGE_STANDARD = "gnu++0x";
				CLANG_CXX_LIBRARY = "libc++";
				CLANG_ENABLE_MODULES = YES;
				CLANG_ENABLE_OBJC_ARC = YES;
				CLANG_WARN_BOOL_CONVERSION = YES;
				CLANG_WARN_CONSTANT_CONVERSION = YES;
				CLANG_WARN_DIRECT_OBJC_ISA_USAGE = YES_ERROR;
				CLANG_WARN_EMPTY_BODY = YES;
				CLANG_WARN_ENUM_CONVERSION = YES;
				CLANG_WARN_INT_CONVERSION = YES;
				CLANG_WARN_OBJC_ROOT_CLASS = YES_ERROR;
				CLANG_WARN_UNREACHABLE_CODE = YES;
				CLANG_WARN__DUPLICATE_METHOD_MATCH = YES;
				"CODE_SIGN_IDENTITY[sdk=iphoneos*]" = "iPhone Developer";
				COPY_PHASE_STRIP = NO;
				ENABLE_STRICT_OBJC_MSGSEND = YES;
				GCC_C_LANGUAGE_STANDARD = gnu99;
				GCC_DYNAMIC_NO_PIC = NO;
				GCC_OPTIMIZATION_LEVEL = 0;
				GCC_PREPROCESSOR_DEFINITIONS = (
					"DEBUG=1",
					"$(inherited)",
				);
				GCC_SYMBOLS_PRIVATE_EXTERN = NO;
				GCC_WARN_64_TO_32_BIT_CONVERSION = YES;
				GCC_WARN_ABOUT_RETURN_TYPE = YES_ERROR;
				GCC_WARN_UNDECLARED_SELECTOR = YES;
				GCC_WARN_UNINITIALIZED_AUTOS = YES_AGGRESSIVE;
				GCC_WARN_UNUSED_FUNCTION = YES;
				GCC_WARN_UNUSED_VARIABLE = YES;
				IPHONEOS_DEPLOYMENT_TARGET = 8.1;
				MTL_ENABLE_DEBUG_INFO = YES;
				ONLY_ACTIVE_ARCH = YES;
				SDKROOT = iphoneos;
				TARGETED_DEVICE_FAMILY = "1,2";
			};
			name = Debug;
		};
		1AA17A131A74E3D30061CA3E /* Release */ = {
			isa = XCBuildConfiguration;
			buildSettings = {
				ALWAYS_SEARCH_USER_PATHS = NO;
				CLANG_CXX_LANGUAGE_STANDARD = "gnu++0x";
				CLANG_CXX_LIBRARY = "libc++";
				CLANG_ENABLE_MODULES = YES;
				CLANG_ENABLE_OBJC_ARC = YES;
				CLANG_WARN_BOOL_CONVERSION = YES;
				CLANG_WARN_CONSTANT_CONVERSION = YES;
				CLANG_WARN_DIRECT_OBJC_ISA_USAGE = YES_ERROR;
				CLANG_WARN_EMPTY_BODY = YES;
				CLANG_WARN_ENUM_CONVERSION = YES;
				CLANG_WARN_INT_CONVERSION = YES;
				CLANG_WARN_OBJC_ROOT_CLASS = YES_ERROR;
				CLANG_WARN_UNREACHABLE_CODE = YES;
				CLANG_WARN__DUPLICATE_METHOD_MATCH = YES;
				"CODE_SIGN_IDENTITY[sdk=iphoneos*]" = "iPhone Developer";
				COPY_PHASE_STRIP = YES;
				ENABLE_NS_ASSERTIONS = NO;
				ENABLE_STRICT_OBJC_MSGSEND = YES;
				GCC_C_LANGUAGE_STANDARD = gnu99;
				GCC_WARN_64_TO_32_BIT_CONVERSION = YES;
				GCC_WARN_ABOUT_RETURN_TYPE = YES_ERROR;
				GCC_WARN_UNDECLARED_SELECTOR = YES;
				GCC_WARN_UNINITIALIZED_AUTOS = YES_AGGRESSIVE;
				GCC_WARN_UNUSED_FUNCTION = YES;
				GCC_WARN_UNUSED_VARIABLE = YES;
				IPHONEOS_DEPLOYMENT_TARGET = 8.1;
				MTL_ENABLE_DEBUG_INFO = NO;
				SDKROOT = iphoneos;
				TARGETED_DEVICE_FAMILY = "1,2";
				VALIDATE_PRODUCT = YES;
			};
			name = Release;
		};
		1AA17A151A74E3D30061CA3E /* Debug */ = {
			isa = XCBuildConfiguration;
			baseConfigurationReference = 128F4766B166E2108280E1E6 /* Pods-turnip.debug.xcconfig */;
			buildSettings = {
				ASSETCATALOG_COMPILER_APPICON_NAME = AppIcon;
				ASSETCATALOG_COMPILER_LAUNCHIMAGE_NAME = LaunchImage;
				CODE_SIGN_IDENTITY = "iPhone Developer";
				"CODE_SIGN_IDENTITY[sdk=iphoneos*]" = "iPhone Developer";
				FRAMEWORK_SEARCH_PATHS = (
					"$(inherited)",
					"$(PROJECT_DIR)",
					"./**",
				);
				INFOPLIST_FILE = turnip/Info.plist;
				IPHONEOS_DEPLOYMENT_TARGET = 7.1;
				LD_RUNPATH_SEARCH_PATHS = "$(inherited) @executable_path/Frameworks";
				ONLY_ACTIVE_ARCH = YES;
				OTHER_LDFLAGS = (
					"-ObjC",
					"$(inherited)",
					"-Wl,-no_compact_unwind",
				);
				PRODUCT_NAME = turnip;
				PROVISIONING_PROFILE = "";
				SDKROOT = iphoneos;
				TARGETED_DEVICE_FAMILY = 1;
				VALID_ARCHS = "arm64 armv7 armv7s";
			};
			name = Debug;
		};
		1AA17A161A74E3D30061CA3E /* Release */ = {
			isa = XCBuildConfiguration;
			baseConfigurationReference = 75F6F5BBAA2AAD5381FEB163 /* Pods-turnip.release.xcconfig */;
			buildSettings = {
				ASSETCATALOG_COMPILER_APPICON_NAME = AppIcon;
				ASSETCATALOG_COMPILER_LAUNCHIMAGE_NAME = LaunchImage;
				CODE_SIGN_IDENTITY = "iPhone Developer";
				"CODE_SIGN_IDENTITY[sdk=iphoneos*]" = "iPhone Developer";
				FRAMEWORK_SEARCH_PATHS = (
					"$(inherited)",
					"$(PROJECT_DIR)",
					"./**",
				);
				INFOPLIST_FILE = turnip/Info.plist;
				IPHONEOS_DEPLOYMENT_TARGET = 7.1;
				LD_RUNPATH_SEARCH_PATHS = "$(inherited) @executable_path/Frameworks";
				ONLY_ACTIVE_ARCH = NO;
				OTHER_LDFLAGS = (
					"-ObjC",
					"$(inherited)",
					"-Wl,-no_compact_unwind",
				);
				PRODUCT_NAME = turnip;
				PROVISIONING_PROFILE = "";
				SDKROOT = iphoneos;
				TARGETED_DEVICE_FAMILY = 1;
				VALID_ARCHS = "arm64 armv7 armv7s";
			};
			name = Release;
		};
		1AA17A181A74E3D30061CA3E /* Debug */ = {
			isa = XCBuildConfiguration;
			buildSettings = {
				BUNDLE_LOADER = "$(TEST_HOST)";
				FRAMEWORK_SEARCH_PATHS = (
					"$(SDKROOT)/Developer/Library/Frameworks",
					"$(inherited)",
				);
				GCC_PREPROCESSOR_DEFINITIONS = (
					"DEBUG=1",
					"$(inherited)",
				);
				INFOPLIST_FILE = turnipTests/Info.plist;
				LD_RUNPATH_SEARCH_PATHS = "$(inherited) @executable_path/Frameworks @loader_path/Frameworks";
				PRODUCT_NAME = turnipTests;
				TEST_HOST = "$(BUILT_PRODUCTS_DIR)/turnip.app/turnip";
			};
			name = Debug;
		};
		1AA17A191A74E3D30061CA3E /* Release */ = {
			isa = XCBuildConfiguration;
			buildSettings = {
				BUNDLE_LOADER = "$(TEST_HOST)";
				FRAMEWORK_SEARCH_PATHS = (
					"$(SDKROOT)/Developer/Library/Frameworks",
					"$(inherited)",
				);
				INFOPLIST_FILE = turnipTests/Info.plist;
				LD_RUNPATH_SEARCH_PATHS = "$(inherited) @executable_path/Frameworks @loader_path/Frameworks";
				PRODUCT_NAME = turnipTests;
				TEST_HOST = "$(BUILT_PRODUCTS_DIR)/turnip.app/turnip";
			};
			name = Release;
		};
/* End XCBuildConfiguration section */

/* Begin XCConfigurationList section */
		1AA179E91A74E3D30061CA3E /* Build configuration list for PBXProject "turnip" */ = {
			isa = XCConfigurationList;
			buildConfigurations = (
				1AA17A121A74E3D30061CA3E /* Debug */,
				1AA17A131A74E3D30061CA3E /* Release */,
			);
			defaultConfigurationIsVisible = 0;
			defaultConfigurationName = Release;
		};
		1AA17A141A74E3D30061CA3E /* Build configuration list for PBXNativeTarget "turnip" */ = {
			isa = XCConfigurationList;
			buildConfigurations = (
				1AA17A151A74E3D30061CA3E /* Debug */,
				1AA17A161A74E3D30061CA3E /* Release */,
			);
			defaultConfigurationIsVisible = 0;
			defaultConfigurationName = Release;
		};
		1AA17A171A74E3D30061CA3E /* Build configuration list for PBXNativeTarget "turnipTests" */ = {
			isa = XCConfigurationList;
			buildConfigurations = (
				1AA17A181A74E3D30061CA3E /* Debug */,
				1AA17A191A74E3D30061CA3E /* Release */,
			);
			defaultConfigurationIsVisible = 0;
			defaultConfigurationName = Release;
		};
/* End XCConfigurationList section */

/* Begin XCVersionGroup section */
		1A9AE4CD1A7F787F00AADDAA /* TurnipDataModel.xcdatamodeld */ = {
			isa = XCVersionGroup;
			children = (
				1A9AE4CE1A7F787F00AADDAA /* TurnipDataModel.xcdatamodel */,
			);
			currentVersion = 1A9AE4CE1A7F787F00AADDAA /* TurnipDataModel.xcdatamodel */;
			path = TurnipDataModel.xcdatamodeld;
			sourceTree = "<group>";
			versionGroupType = wrapper.xcdatamodel;
		};
/* End XCVersionGroup section */
	};
	rootObject = 1AA179E61A74E3D30061CA3E /* Project object */;
}
